// !$*UTF8*$!
{
	archiveVersion = 1;
	classes = {
	};
	objectVersion = 56;
	objects = {

/* Begin PBXBuildFile section */
		09B2518E2A42E72500F59118 /* AppDelegate.swift in Sources */ = {isa = PBXBuildFile; fileRef = 09B2518D2A42E72500F59118 /* AppDelegate.swift */; };
		09B251902A42E72500F59118 /* SceneDelegate.swift in Sources */ = {isa = PBXBuildFile; fileRef = 09B2518F2A42E72500F59118 /* SceneDelegate.swift */; };
		09B251922A42E72500F59118 /* ViewController.swift in Sources */ = {isa = PBXBuildFile; fileRef = 09B251912A42E72500F59118 /* ViewController.swift */; };
		09B251952A42E72500F59118 /* Main.storyboard in Resources */ = {isa = PBXBuildFile; fileRef = 09B251932A42E72500F59118 /* Main.storyboard */; };
		09B251972A42E72500F59118 /* Assets.xcassets in Resources */ = {isa = PBXBuildFile; fileRef = 09B251962A42E72500F59118 /* Assets.xcassets */; };
		09B2519A2A42E72500F59118 /* LaunchScreen.storyboard in Resources */ = {isa = PBXBuildFile; fileRef = 09B251982A42E72500F59118 /* LaunchScreen.storyboard */; };
		09C0AAFD2A49309F0005544D /* MyTableViewController.swift in Sources */ = {isa = PBXBuildFile; fileRef = 09C0AAFC2A49309F0005544D /* MyTableViewController.swift */; };
		09C0AB002A49340B0005544D /* ExpandingScrollViewController.swift in Sources */ = {isa = PBXBuildFile; fileRef = 09C0AAFE2A49340B0005544D /* ExpandingScrollViewController.swift */; };
		09C0AB012A49340B0005544D /* ExpandingScrollViewController.xib in Resources */ = {isa = PBXBuildFile; fileRef = 09C0AAFF2A49340B0005544D /* ExpandingScrollViewController.xib */; };
		09CF76A32A482B1100156019 /* ScrollView1Controller.swift in Sources */ = {isa = PBXBuildFile; fileRef = 09CF76A12A482B1100156019 /* ScrollView1Controller.swift */; };
		09CF76A42A482B1100156019 /* ScrollView1Controller.xib in Resources */ = {isa = PBXBuildFile; fileRef = 09CF76A22A482B1100156019 /* ScrollView1Controller.xib */; };
		09CF76AB2A482CC300156019 /* ScrollView2Controller.swift in Sources */ = {isa = PBXBuildFile; fileRef = 09CF76A92A482CC200156019 /* ScrollView2Controller.swift */; };
		09CF76AC2A482CC300156019 /* ScrollView2Controller.xib in Resources */ = {isa = PBXBuildFile; fileRef = 09CF76AA2A482CC200156019 /* ScrollView2Controller.xib */; };
		09CF76AF2A4844A000156019 /* ScrollView3Controller.swift in Sources */ = {isa = PBXBuildFile; fileRef = 09CF76AD2A4844A000156019 /* ScrollView3Controller.swift */; };
		09CF76B02A4844A000156019 /* ScrollView3Controller.xib in Resources */ = {isa = PBXBuildFile; fileRef = 09CF76AE2A4844A000156019 /* ScrollView3Controller.xib */; };
/* End PBXBuildFile section */

/* Begin PBXFileReference section */
		09B2518A2A42E72500F59118 /* ScrollViewDemo2.app */ = {isa = PBXFileReference; explicitFileType = wrapper.application; includeInIndex = 0; path = ScrollViewDemo2.app; sourceTree = BUILT_PRODUCTS_DIR; };
		09B2518D2A42E72500F59118 /* AppDelegate.swift */ = {isa = PBXFileReference; lastKnownFileType = sourcecode.swift; path = AppDelegate.swift; sourceTree = "<group>"; };
		09B2518F2A42E72500F59118 /* SceneDelegate.swift */ = {isa = PBXFileReference; lastKnownFileType = sourcecode.swift; path = SceneDelegate.swift; sourceTree = "<group>"; };
		09B251912A42E72500F59118 /* ViewController.swift */ = {isa = PBXFileReference; lastKnownFileType = sourcecode.swift; path = ViewController.swift; sourceTree = "<group>"; };
		09B251942A42E72500F59118 /* Base */ = {isa = PBXFileReference; lastKnownFileType = file.storyboard; name = Base; path = Base.lproj/Main.storyboard; sourceTree = "<group>"; };
		09B251962A42E72500F59118 /* Assets.xcassets */ = {isa = PBXFileReference; lastKnownFileType = folder.assetcatalog; path = Assets.xcassets; sourceTree = "<group>"; };
		09B251992A42E72500F59118 /* Base */ = {isa = PBXFileReference; lastKnownFileType = file.storyboard; name = Base; path = Base.lproj/LaunchScreen.storyboard; sourceTree = "<group>"; };
		09B2519B2A42E72500F59118 /* Info.plist */ = {isa = PBXFileReference; lastKnownFileType = text.plist.xml; path = Info.plist; sourceTree = "<group>"; };
		09C0AAFC2A49309F0005544D /* MyTableViewController.swift */ = {isa = PBXFileReference; lastKnownFileType = sourcecode.swift; path = MyTableViewController.swift; sourceTree = "<group>"; };
		09C0AAFE2A49340B0005544D /* ExpandingScrollViewController.swift */ = {isa = PBXFileReference; lastKnownFileType = sourcecode.swift; path = ExpandingScrollViewController.swift; sourceTree = "<group>"; };
		09C0AAFF2A49340B0005544D /* ExpandingScrollViewController.xib */ = {isa = PBXFileReference; lastKnownFileType = file.xib; path = ExpandingScrollViewController.xib; sourceTree = "<group>"; };
		09CF76A12A482B1100156019 /* ScrollView1Controller.swift */ = {isa = PBXFileReference; lastKnownFileType = sourcecode.swift; path = ScrollView1Controller.swift; sourceTree = "<group>"; };
		09CF76A22A482B1100156019 /* ScrollView1Controller.xib */ = {isa = PBXFileReference; lastKnownFileType = file.xib; path = ScrollView1Controller.xib; sourceTree = "<group>"; };
		09CF76A92A482CC200156019 /* ScrollView2Controller.swift */ = {isa = PBXFileReference; lastKnownFileType = sourcecode.swift; path = ScrollView2Controller.swift; sourceTree = "<group>"; };
		09CF76AA2A482CC200156019 /* ScrollView2Controller.xib */ = {isa = PBXFileReference; lastKnownFileType = file.xib; path = ScrollView2Controller.xib; sourceTree = "<group>"; };
		09CF76AD2A4844A000156019 /* ScrollView3Controller.swift */ = {isa = PBXFileReference; lastKnownFileType = sourcecode.swift; path = ScrollView3Controller.swift; sourceTree = "<group>"; };
		09CF76AE2A4844A000156019 /* ScrollView3Controller.xib */ = {isa = PBXFileReference; lastKnownFileType = file.xib; path = ScrollView3Controller.xib; sourceTree = "<group>"; };
/* End PBXFileReference section */

/* Begin PBXFrameworksBuildPhase section */
		09B251872A42E72500F59118 /* Frameworks */ = {
			isa = PBXFrameworksBuildPhase;
			buildActionMask = 2147483647;
			files = (
			);
			runOnlyForDeploymentPostprocessing = 0;
		};
/* End PBXFrameworksBuildPhase section */

/* Begin PBXGroup section */
		09B251812A42E72500F59118 = {
			isa = PBXGroup;
			children = (
				09B2518C2A42E72500F59118 /* ScrollViewDemo2 */,
				09B2518B2A42E72500F59118 /* Products */,
			);
			sourceTree = "<group>";
		};
		09B2518B2A42E72500F59118 /* Products */ = {
			isa = PBXGroup;
			children = (
				09B2518A2A42E72500F59118 /* ScrollViewDemo2.app */,
			);
			name = Products;
			sourceTree = "<group>";
		};
		09B2518C2A42E72500F59118 /* ScrollViewDemo2 */ = {
			isa = PBXGroup;
			children = (
				09B2518D2A42E72500F59118 /* AppDelegate.swift */,
				09B2518F2A42E72500F59118 /* SceneDelegate.swift */,
				09B251912A42E72500F59118 /* ViewController.swift */,
				09C0AAFC2A49309F0005544D /* MyTableViewController.swift */,
				09B251932A42E72500F59118 /* Main.storyboard */,
				09B251962A42E72500F59118 /* Assets.xcassets */,
				09B251982A42E72500F59118 /* LaunchScreen.storyboard */,
				09B2519B2A42E72500F59118 /* Info.plist */,
				09CF76A12A482B1100156019 /* ScrollView1Controller.swift */,
				09CF76A22A482B1100156019 /* ScrollView1Controller.xib */,
				09CF76A92A482CC200156019 /* ScrollView2Controller.swift */,
				09CF76AA2A482CC200156019 /* ScrollView2Controller.xib */,
				09CF76AD2A4844A000156019 /* ScrollView3Controller.swift */,
				09CF76AE2A4844A000156019 /* ScrollView3Controller.xib */,
				09C0AAFE2A49340B0005544D /* ExpandingScrollViewController.swift */,
				09C0AAFF2A49340B0005544D /* ExpandingScrollViewController.xib */,
			);
			path = ScrollViewDemo2;
			sourceTree = "<group>";
		};
/* End PBXGroup section */

/* Begin PBXNativeTarget section */
		09B251892A42E72500F59118 /* ScrollViewDemo2 */ = {
			isa = PBXNativeTarget;
			buildConfigurationList = 09B2519E2A42E72500F59118 /* Build configuration list for PBXNativeTarget "ScrollViewDemo2" */;
			buildPhases = (
				09B251862A42E72500F59118 /* Sources */,
				09B251872A42E72500F59118 /* Frameworks */,
				09B251882A42E72500F59118 /* Resources */,
			);
			buildRules = (
			);
			dependencies = (
			);
			name = ScrollViewDemo2;
			productName = ScrollViewDemo2;
			productReference = 09B2518A2A42E72500F59118 /* ScrollViewDemo2.app */;
			productType = "com.apple.product-type.application";
		};
/* End PBXNativeTarget section */

/* Begin PBXProject section */
		09B251822A42E72500F59118 /* Project object */ = {
			isa = PBXProject;
			attributes = {
				BuildIndependentTargetsInParallel = 1;
				LastSwiftUpdateCheck = 1430;
				LastUpgradeCheck = 1430;
				TargetAttributes = {
					09B251892A42E72500F59118 = {
						CreatedOnToolsVersion = 14.3;
					};
				};
			};
			buildConfigurationList = 09B251852A42E72500F59118 /* Build configuration list for PBXProject "ScrollViewDemo2" */;
			compatibilityVersion = "Xcode 14.0";
			developmentRegion = en;
			hasScannedForEncodings = 0;
			knownRegions = (
				en,
				Base,
			);
			mainGroup = 09B251812A42E72500F59118;
			productRefGroup = 09B2518B2A42E72500F59118 /* Products */;
			projectDirPath = "";
			projectRoot = "";
			targets = (
				09B251892A42E72500F59118 /* ScrollViewDemo2 */,
			);
		};
/* End PBXProject section */

/* Begin PBXResourcesBuildPhase section */
		09B251882A42E72500F59118 /* Resources */ = {
			isa = PBXResourcesBuildPhase;
			buildActionMask = 2147483647;
			files = (
				09B2519A2A42E72500F59118 /* LaunchScreen.storyboard in Resources */,
				09CF76B02A4844A000156019 /* ScrollView3Controller.xib in Resources */,
				09CF76A42A482B1100156019 /* ScrollView1Controller.xib in Resources */,
				09B251972A42E72500F59118 /* Assets.xcassets in Resources */,
				09B251952A42E72500F59118 /* Main.storyboard in Resources */,
				09C0AB012A49340B0005544D /* ExpandingScrollViewController.xib in Resources */,
				09CF76AC2A482CC300156019 /* ScrollView2Controller.xib in Resources */,
			);
			runOnlyForDeploymentPostprocessing = 0;
		};
/* End PBXResourcesBuildPhase section */

/* Begin PBXSourcesBuildPhase section */
		09B251862A42E72500F59118 /* Sources */ = {
			isa = PBXSourcesBuildPhase;
			buildActionMask = 2147483647;
			files = (
				09B251922A42E72500F59118 /* ViewController.swift in Sources */,
				09C0AAFD2A49309F0005544D /* MyTableViewController.swift in Sources */,
				09C0AB002A49340B0005544D /* ExpandingScrollViewController.swift in Sources */,
				09CF76AB2A482CC300156019 /* ScrollView2Controller.swift in Sources */,
				09CF76A32A482B1100156019 /* ScrollView1Controller.swift in Sources */,
				09B2518E2A42E72500F59118 /* AppDelegate.swift in Sources */,
				09B251902A42E72500F59118 /* SceneDelegate.swift in Sources */,
				09CF76AF2A4844A000156019 /* ScrollView3Controller.swift in Sources */,
			);
			runOnlyForDeploymentPostprocessing = 0;
		};
/* End PBXSourcesBuildPhase section */

/* Begin PBXVariantGroup section */
		09B251932A42E72500F59118 /* Main.storyboard */ = {
			isa = PBXVariantGroup;
			children = (
				09B251942A42E72500F59118 /* Base */,
			);
			name = Main.storyboard;
			sourceTree = "<group>";
		};
		09B251982A42E72500F59118 /* LaunchScreen.storyboard */ = {
			isa = PBXVariantGroup;
			children = (
				09B251992A42E72500F59118 /* Base */,
			);
			name = LaunchScreen.storyboard;
			sourceTree = "<group>";
		};
/* End PBXVariantGroup section */

/* Begin XCBuildConfiguration section */
		09B2519C2A42E72500F59118 /* Debug */ = {
			isa = XCBuildConfiguration;
			buildSettings = {
				ALWAYS_SEARCH_USER_PATHS = NO;
				CLANG_ANALYZER_NONNULL = YES;
				CLANG_ANALYZER_NUMBER_OBJECT_CONVERSION = YES_AGGRESSIVE;
				CLANG_CXX_LANGUAGE_STANDARD = "gnu++20";
				CLANG_ENABLE_MODULES = YES;
				CLANG_ENABLE_OBJC_ARC = YES;
				CLANG_ENABLE_OBJC_WEAK = YES;
				CLANG_WARN_BLOCK_CAPTURE_AUTORELEASING = YES;
				CLANG_WARN_BOOL_CONVERSION = YES;
				CLANG_WARN_COMMA = YES;
				CLANG_WARN_CONSTANT_CONVERSION = YES;
				CLANG_WARN_DEPRECATED_OBJC_IMPLEMENTATIONS = YES;
				CLANG_WARN_DIRECT_OBJC_ISA_USAGE = YES_ERROR;
				CLANG_WARN_DOCUMENTATION_COMMENTS = YES;
				CLANG_WARN_EMPTY_BODY = YES;
				CLANG_WARN_ENUM_CONVERSION = YES;
				CLANG_WARN_INFINITE_RECURSION = YES;
				CLANG_WARN_INT_CONVERSION = YES;
				CLANG_WARN_NON_LITERAL_NULL_CONVERSION = YES;
				CLANG_WARN_OBJC_IMPLICIT_RETAIN_SELF = YES;
				CLANG_WARN_OBJC_LITERAL_CONVERSION = YES;
				CLANG_WARN_OBJC_ROOT_CLASS = YES_ERROR;
				CLANG_WARN_QUOTED_INCLUDE_IN_FRAMEWORK_HEADER = YES;
				CLANG_WARN_RANGE_LOOP_ANALYSIS = YES;
				CLANG_WARN_STRICT_PROTOTYPES = YES;
				CLANG_WARN_SUSPICIOUS_MOVE = YES;
				CLANG_WARN_UNGUARDED_AVAILABILITY = YES_AGGRESSIVE;
				CLANG_WARN_UNREACHABLE_CODE = YES;
				CLANG_WARN__DUPLICATE_METHOD_MATCH = YES;
				COPY_PHASE_STRIP = NO;
				DEBUG_INFORMATION_FORMAT = dwarf;
				ENABLE_STRICT_OBJC_MSGSEND = YES;
				ENABLE_TESTABILITY = YES;
				GCC_C_LANGUAGE_STANDARD = gnu11;
				GCC_DYNAMIC_NO_PIC = NO;
				GCC_NO_COMMON_BLOCKS = YES;
				GCC_OPTIMIZATION_LEVEL = 0;
				GCC_PREPROCESSOR_DEFINITIONS = (
					"DEBUG=1",
					"$(inherited)",
				);
				GCC_WARN_64_TO_32_BIT_CONVERSION = YES;
				GCC_WARN_ABOUT_RETURN_TYPE = YES_ERROR;
				GCC_WARN_UNDECLARED_SELECTOR = YES;
				GCC_WARN_UNINITIALIZED_AUTOS = YES_AGGRESSIVE;
				GCC_WARN_UNUSED_FUNCTION = YES;
				GCC_WARN_UNUSED_VARIABLE = YES;
				IPHONEOS_DEPLOYMENT_TARGET = 16.4;
				MTL_ENABLE_DEBUG_INFO = INCLUDE_SOURCE;
				MTL_FAST_MATH = YES;
				ONLY_ACTIVE_ARCH = YES;
				SDKROOT = iphoneos;
				SWIFT_ACTIVE_COMPILATION_CONDITIONS = DEBUG;
				SWIFT_OPTIMIZATION_LEVEL = "-Onone";
			};
			name = Debug;
		};
		09B2519D2A42E72500F59118 /* Release */ = {
			isa = XCBuildConfiguration;
			buildSettings = {
				ALWAYS_SEARCH_USER_PATHS = NO;
				CLANG_ANALYZER_NONNULL = YES;
				CLANG_ANALYZER_NUMBER_OBJECT_CONVERSION = YES_AGGRESSIVE;
				CLANG_CXX_LANGUAGE_STANDARD = "gnu++20";
				CLANG_ENABLE_MODULES = YES;
				CLANG_ENABLE_OBJC_ARC = YES;
				CLANG_ENABLE_OBJC_WEAK = YES;
				CLANG_WARN_BLOCK_CAPTURE_AUTORELEASING = YES;
				CLANG_WARN_BOOL_CONVERSION = YES;
				CLANG_WARN_COMMA = YES;
				CLANG_WARN_CONSTANT_CONVERSION = YES;
				CLANG_WARN_DEPRECATED_OBJC_IMPLEMENTATIONS = YES;
				CLANG_WARN_DIRECT_OBJC_ISA_USAGE = YES_ERROR;
				CLANG_WARN_DOCUMENTATION_COMMENTS = YES;
				CLANG_WARN_EMPTY_BODY = YES;
				CLANG_WARN_ENUM_CONVERSION = YES;
				CLANG_WARN_INFINITE_RECURSION = YES;
				CLANG_WARN_INT_CONVERSION = YES;
				CLANG_WARN_NON_LITERAL_NULL_CONVERSION = YES;
				CLANG_WARN_OBJC_IMPLICIT_RETAIN_SELF = YES;
				CLANG_WARN_OBJC_LITERAL_CONVERSION = YES;
				CLANG_WARN_OBJC_ROOT_CLASS = YES_ERROR;
				CLANG_WARN_QUOTED_INCLUDE_IN_FRAMEWORK_HEADER = YES;
				CLANG_WARN_RANGE_LOOP_ANALYSIS = YES;
				CLANG_WARN_STRICT_PROTOTYPES = YES;
				CLANG_WARN_SUSPICIOUS_MOVE = YES;
				CLANG_WARN_UNGUARDED_AVAILABILITY = YES_AGGRESSIVE;
				CLANG_WARN_UNREACHABLE_CODE = YES;
				CLANG_WARN__DUPLICATE_METHOD_MATCH = YES;
				COPY_PHASE_STRIP = NO;
				DEBUG_INFORMATION_FORMAT = "dwarf-with-dsym";
				ENABLE_NS_ASSERTIONS = NO;
				ENABLE_STRICT_OBJC_MSGSEND = YES;
				GCC_C_LANGUAGE_STANDARD = gnu11;
				GCC_NO_COMMON_BLOCKS = YES;
				GCC_WARN_64_TO_32_BIT_CONVERSION = YES;
				GCC_WARN_ABOUT_RETURN_TYPE = YES_ERROR;
				GCC_WARN_UNDECLARED_SELECTOR = YES;
				GCC_WARN_UNINITIALIZED_AUTOS = YES_AGGRESSIVE;
				GCC_WARN_UNUSED_FUNCTION = YES;
				GCC_WARN_UNUSED_VARIABLE = YES;
				IPHONEOS_DEPLOYMENT_TARGET = 16.4;
				MTL_ENABLE_DEBUG_INFO = NO;
				MTL_FAST_MATH = YES;
				SDKROOT = iphoneos;
				SWIFT_COMPILATION_MODE = wholemodule;
				SWIFT_OPTIMIZATION_LEVEL = "-O";
				VALIDATE_PRODUCT = YES;
			};
			name = Release;
		};
		09B2519F2A42E72500F59118 /* Debug */ = {
			isa = XCBuildConfiguration;
			buildSettings = {
				ASSETCATALOG_COMPILER_APPICON_NAME = AppIcon;
				ASSETCATALOG_COMPILER_GLOBAL_ACCENT_COLOR_NAME = AccentColor;
				CODE_SIGN_STYLE = Manual;
				CURRENT_PROJECT_VERSION = 1;
				DEVELOPMENT_TEAM = "";
				GENERATE_INFOPLIST_FILE = YES;
				INFOPLIST_FILE = ScrollViewDemo2/Info.plist;
				INFOPLIST_KEY_UIApplicationSupportsIndirectInputEvents = YES;
				INFOPLIST_KEY_UILaunchStoryboardName = LaunchScreen;
				INFOPLIST_KEY_UIMainStoryboardFile = Main;
				INFOPLIST_KEY_UISupportedInterfaceOrientations_iPad = "UIInterfaceOrientationPortrait UIInterfaceOrientationPortraitUpsideDown UIInterfaceOrientationLandscapeLeft UIInterfaceOrientationLandscapeRight";
				INFOPLIST_KEY_UISupportedInterfaceOrientations_iPhone = "UIInterfaceOrientationPortrait UIInterfaceOrientationLandscapeLeft UIInterfaceOrientationLandscapeRight";
				LD_RUNPATH_SEARCH_PATHS = (
					"$(inherited)",
					"@executable_path/Frameworks",
				);
				MARKETING_VERSION = 1.0;
				PRODUCT_BUNDLE_IDENTIFIER = com.freqty.ScrollViewDemo2;
				PRODUCT_NAME = "$(TARGET_NAME)";
				PROVISIONING_PROFILE_SPECIFIER = "";
				SWIFT_EMIT_LOC_STRINGS = YES;
				SWIFT_VERSION = 5.0;
				TARGETED_DEVICE_FAMILY = "1,2";
			};
			name = Debug;
		};
		09B251A02A42E72500F59118 /* Release */ = {
			isa = XCBuildConfiguration;
			buildSettings = {
				ASSETCATALOG_COMPILER_APPICON_NAME = AppIcon;
				ASSETCATALOG_COMPILER_GLOBAL_ACCENT_COLOR_NAME = AccentColor;
				CODE_SIGN_STYLE = Manual;
				CURRENT_PROJECT_VERSION = 1;
				DEVELOPMENT_TEAM = "";
				GENERATE_INFOPLIST_FILE = YES;
				INFOPLIST_FILE = ScrollViewDemo2/Info.plist;
				INFOPLIST_KEY_UIApplicationSupportsIndirectInputEvents = YES;
				INFOPLIST_KEY_UILaunchStoryboardName = LaunchScreen;
				INFOPLIST_KEY_UIMainStoryboardFile = Main;
				INFOPLIST_KEY_UISupportedInterfaceOrientations_iPad = "UIInterfaceOrientationPortrait UIInterfaceOrientationPortraitUpsideDown UIInterfaceOrientationLandscapeLeft UIInterfaceOrientationLandscapeRight";
				INFOPLIST_KEY_UISupportedInterfaceOrientations_iPhone = "UIInterfaceOrientationPortrait UIInterfaceOrientationLandscapeLeft UIInterfaceOrientationLandscapeRight";
				LD_RUNPATH_SEARCH_PATHS = (
					"$(inherited)",
					"@executable_path/Frameworks",
				);
				MARKETING_VERSION = 1.0;
				PRODUCT_BUNDLE_IDENTIFIER = com.freqty.ScrollViewDemo2;
				PRODUCT_NAME = "$(TARGET_NAME)";
				PROVISIONING_PROFILE_SPECIFIER = "";
				SWIFT_EMIT_LOC_STRINGS = YES;
				SWIFT_VERSION = 5.0;
				TARGETED_DEVICE_FAMILY = "1,2";
			};
			name = Release;
		};
/* End XCBuildConfiguration section */

/* Begin XCConfigurationList section */
		09B251852A42E72500F59118 /* Build configuration list for PBXProject "ScrollViewDemo2" */ = {
			isa = XCConfigurationList;
			buildConfigurations = (
				09B2519C2A42E72500F59118 /* Debug */,
				09B2519D2A42E72500F59118 /* Release */,
			);
			defaultConfigurationIsVisible = 0;
			defaultConfigurationName = Release;
		};
		09B2519E2A42E72500F59118 /* Build configuration list for PBXNativeTarget "ScrollViewDemo2" */ = {
			isa = XCConfigurationList;
			buildConfigurations = (
				09B2519F2A42E72500F59118 /* Debug */,
				09B251A02A42E72500F59118 /* Release */,
			);
			defaultConfigurationIsVisible = 0;
			defaultConfigurationName = Release;
		};
/* End XCConfigurationList section */
	};
	rootObject = 09B251822A42E72500F59118 /* Project object */;
}
