// !$*UTF8*$!
{
	archiveVersion = 1;
	classes = {
	};
	objectVersion = 56;
	objects = {

/* Begin PBXBuildFile section */
		09190FFC2A23765A00494FD7 /* AppDelegate.swift in Sources */ = {isa = PBXBuildFile; fileRef = 09190FFB2A23765A00494FD7 /* AppDelegate.swift */; };
		09190FFE2A23765A00494FD7 /* SceneDelegate.swift in Sources */ = {isa = PBXBuildFile; fileRef = 09190FFD2A23765A00494FD7 /* SceneDelegate.swift */; };
		091910002A23765A00494FD7 /* ViewController.swift in Sources */ = {isa = PBXBuildFile; fileRef = 09190FFF2A23765A00494FD7 /* ViewController.swift */; };
		091910032A23765A00494FD7 /* Main.storyboard in Resources */ = {isa = PBXBuildFile; fileRef = 091910012A23765A00494FD7 /* Main.storyboard */; };
		091910052A23765C00494FD7 /* Assets.xcassets in Resources */ = {isa = PBXBuildFile; fileRef = 091910042A23765C00494FD7 /* Assets.xcassets */; };
		091910082A23765C00494FD7 /* LaunchScreen.storyboard in Resources */ = {isa = PBXBuildFile; fileRef = 091910062A23765C00494FD7 /* LaunchScreen.storyboard */; };
		091910102A2376E800494FD7 /* test.mp4 in Resources */ = {isa = PBXBuildFile; fileRef = 0919100F2A2376E800494FD7 /* test.mp4 */; };
		091910122A23849E00494FD7 /* VideoPlayer.swift in Sources */ = {isa = PBXBuildFile; fileRef = 091910112A23849E00494FD7 /* VideoPlayer.swift */; };
		0924D03F2A387064005FECA1 /* CircleProgressView.swift in Sources */ = {isa = PBXBuildFile; fileRef = 0924D03E2A387064005FECA1 /* CircleProgressView.swift */; };
		940AE21F15640CEBC8BCF80C /* Pods_VideoPlayerTest.framework in Frameworks */ = {isa = PBXBuildFile; fileRef = 5B8743DE8C2F1CD59D668E9E /* Pods_VideoPlayerTest.framework */; };
/* End PBXBuildFile section */

/* Begin PBXFileReference section */
		09190FF82A23765A00494FD7 /* VideoPlayerTest.app */ = {isa = PBXFileReference; explicitFileType = wrapper.application; includeInIndex = 0; path = VideoPlayerTest.app; sourceTree = BUILT_PRODUCTS_DIR; };
		09190FFB2A23765A00494FD7 /* AppDelegate.swift */ = {isa = PBXFileReference; lastKnownFileType = sourcecode.swift; path = AppDelegate.swift; sourceTree = "<group>"; };
		09190FFD2A23765A00494FD7 /* SceneDelegate.swift */ = {isa = PBXFileReference; lastKnownFileType = sourcecode.swift; path = SceneDelegate.swift; sourceTree = "<group>"; };
		09190FFF2A23765A00494FD7 /* ViewController.swift */ = {isa = PBXFileReference; lastKnownFileType = sourcecode.swift; path = ViewController.swift; sourceTree = "<group>"; };
		091910022A23765A00494FD7 /* Base */ = {isa = PBXFileReference; lastKnownFileType = file.storyboard; name = Base; path = Base.lproj/Main.storyboard; sourceTree = "<group>"; };
		091910042A23765C00494FD7 /* Assets.xcassets */ = {isa = PBXFileReference; lastKnownFileType = folder.assetcatalog; path = Assets.xcassets; sourceTree = "<group>"; };
		091910072A23765C00494FD7 /* Base */ = {isa = PBXFileReference; lastKnownFileType = file.storyboard; name = Base; path = Base.lproj/LaunchScreen.storyboard; sourceTree = "<group>"; };
		091910092A23765C00494FD7 /* Info.plist */ = {isa = PBXFileReference; lastKnownFileType = text.plist.xml; path = Info.plist; sourceTree = "<group>"; };
		0919100F2A2376E800494FD7 /* test.mp4 */ = {isa = PBXFileReference; lastKnownFileType = file; path = test.mp4; sourceTree = "<group>"; };
		091910112A23849E00494FD7 /* VideoPlayer.swift */ = {isa = PBXFileReference; lastKnownFileType = sourcecode.swift; path = VideoPlayer.swift; sourceTree = "<group>"; };
		0924D03E2A387064005FECA1 /* CircleProgressView.swift */ = {isa = PBXFileReference; lastKnownFileType = sourcecode.swift; path = CircleProgressView.swift; sourceTree = "<group>"; };
		5B8743DE8C2F1CD59D668E9E /* Pods_VideoPlayerTest.framework */ = {isa = PBXFileReference; explicitFileType = wrapper.framework; includeInIndex = 0; path = Pods_VideoPlayerTest.framework; sourceTree = BUILT_PRODUCTS_DIR; };
		94D5B086CCA4ADD23E9C289B /* Pods-VideoPlayerTest.debug.xcconfig */ = {isa = PBXFileReference; includeInIndex = 1; lastKnownFileType = text.xcconfig; name = "Pods-VideoPlayerTest.debug.xcconfig"; path = "Target Support Files/Pods-VideoPlayerTest/Pods-VideoPlayerTest.debug.xcconfig"; sourceTree = "<group>"; };
		E29778C883157A70D39800E2 /* Pods-VideoPlayerTest.release.xcconfig */ = {isa = PBXFileReference; includeInIndex = 1; lastKnownFileType = text.xcconfig; name = "Pods-VideoPlayerTest.release.xcconfig"; path = "Target Support Files/Pods-VideoPlayerTest/Pods-VideoPlayerTest.release.xcconfig"; sourceTree = "<group>"; };
/* End PBXFileReference section */

/* Begin PBXFrameworksBuildPhase section */
		09190FF52A23765A00494FD7 /* Frameworks */ = {
			isa = PBXFrameworksBuildPhase;
			buildActionMask = 2147483647;
			files = (
				940AE21F15640CEBC8BCF80C /* Pods_VideoPlayerTest.framework in Frameworks */,
			);
			runOnlyForDeploymentPostprocessing = 0;
		};
/* End PBXFrameworksBuildPhase section */

/* Begin PBXGroup section */
		09190FEF2A23765A00494FD7 = {
			isa = PBXGroup;
			children = (
				0919100F2A2376E800494FD7 /* test.mp4 */,
				09190FFA2A23765A00494FD7 /* VideoPlayerTest */,
				09190FF92A23765A00494FD7 /* Products */,
				C36A8DA72AB3D0DB852F9BE0 /* Pods */,
				49B4F573077AA363933C6FEA /* Frameworks */,
			);
			sourceTree = "<group>";
		};
		09190FF92A23765A00494FD7 /* Products */ = {
			isa = PBXGroup;
			children = (
				09190FF82A23765A00494FD7 /* VideoPlayerTest.app */,
			);
			name = Products;
			sourceTree = "<group>";
		};
		09190FFA2A23765A00494FD7 /* VideoPlayerTest */ = {
			isa = PBXGroup;
			children = (
				09190FFB2A23765A00494FD7 /* AppDelegate.swift */,
				09190FFD2A23765A00494FD7 /* SceneDelegate.swift */,
				09190FFF2A23765A00494FD7 /* ViewController.swift */,
				091910012A23765A00494FD7 /* Main.storyboard */,
				091910042A23765C00494FD7 /* Assets.xcassets */,
				091910062A23765C00494FD7 /* LaunchScreen.storyboard */,
				091910092A23765C00494FD7 /* Info.plist */,
				091910112A23849E00494FD7 /* VideoPlayer.swift */,
				0924D03E2A387064005FECA1 /* CircleProgressView.swift */,
			);
			path = VideoPlayerTest;
			sourceTree = "<group>";
		};
		49B4F573077AA363933C6FEA /* Frameworks */ = {
			isa = PBXGroup;
			children = (
				5B8743DE8C2F1CD59D668E9E /* Pods_VideoPlayerTest.framework */,
			);
			name = Frameworks;
			sourceTree = "<group>";
		};
		C36A8DA72AB3D0DB852F9BE0 /* Pods */ = {
			isa = PBXGroup;
			children = (
				94D5B086CCA4ADD23E9C289B /* Pods-VideoPlayerTest.debug.xcconfig */,
				E29778C883157A70D39800E2 /* Pods-VideoPlayerTest.release.xcconfig */,
			);
			path = Pods;
			sourceTree = "<group>";
		};
/* End PBXGroup section */

/* Begin PBXNativeTarget section */
		09190FF72A23765A00494FD7 /* VideoPlayerTest */ = {
			isa = PBXNativeTarget;
			buildConfigurationList = 0919100C2A23765C00494FD7 /* Build configuration list for PBXNativeTarget "VideoPlayerTest" */;
			buildPhases = (
				C84F76367C4866F781B643B8 /* [CP] Check Pods Manifest.lock */,
				09190FF42A23765A00494FD7 /* Sources */,
				09190FF52A23765A00494FD7 /* Frameworks */,
				09190FF62A23765A00494FD7 /* Resources */,
				6C616FD440E920AD48C472A9 /* [CP] Embed Pods Frameworks */,
			);
			buildRules = (
			);
			dependencies = (
			);
			name = VideoPlayerTest;
			productName = VideoPlayerTest;
			productReference = 09190FF82A23765A00494FD7 /* VideoPlayerTest.app */;
			productType = "com.apple.product-type.application";
		};
/* End PBXNativeTarget section */

/* Begin PBXProject section */
		09190FF02A23765A00494FD7 /* Project object */ = {
			isa = PBXProject;
			attributes = {
				BuildIndependentTargetsInParallel = 1;
				LastSwiftUpdateCheck = 1430;
				LastUpgradeCheck = 1430;
				TargetAttributes = {
					09190FF72A23765A00494FD7 = {
						CreatedOnToolsVersion = 14.3;
					};
				};
			};
			buildConfigurationList = 09190FF32A23765A00494FD7 /* Build configuration list for PBXProject "VideoPlayerTest" */;
			compatibilityVersion = "Xcode 14.0";
			developmentRegion = en;
			hasScannedForEncodings = 0;
			knownRegions = (
				en,
				Base,
			);
			mainGroup = 09190FEF2A23765A00494FD7;
			productRefGroup = 09190FF92A23765A00494FD7 /* Products */;
			projectDirPath = "";
			projectRoot = "";
			targets = (
				09190FF72A23765A00494FD7 /* VideoPlayerTest */,
			);
		};
/* End PBXProject section */

/* Begin PBXResourcesBuildPhase section */
		09190FF62A23765A00494FD7 /* Resources */ = {
			isa = PBXResourcesBuildPhase;
			buildActionMask = 2147483647;
			files = (
				091910082A23765C00494FD7 /* LaunchScreen.storyboard in Resources */,
				091910052A23765C00494FD7 /* Assets.xcassets in Resources */,
				091910032A23765A00494FD7 /* Main.storyboard in Resources */,
				091910102A2376E800494FD7 /* test.mp4 in Resources */,
			);
			runOnlyForDeploymentPostprocessing = 0;
		};
/* End PBXResourcesBuildPhase section */

/* Begin PBXShellScriptBuildPhase section */
		6C616FD440E920AD48C472A9 /* [CP] Embed Pods Frameworks */ = {
			isa = PBXShellScriptBuildPhase;
			buildActionMask = 2147483647;
			files = (
			);
			inputFileListPaths = (
				"${PODS_ROOT}/Target Support Files/Pods-VideoPlayerTest/Pods-VideoPlayerTest-frameworks-${CONFIGURATION}-input-files.xcfilelist",
			);
			name = "[CP] Embed Pods Frameworks";
			outputFileListPaths = (
				"${PODS_ROOT}/Target Support Files/Pods-VideoPlayerTest/Pods-VideoPlayerTest-frameworks-${CONFIGURATION}-output-files.xcfilelist",
			);
			runOnlyForDeploymentPostprocessing = 0;
			shellPath = /bin/sh;
			shellScript = "\"${PODS_ROOT}/Target Support Files/Pods-VideoPlayerTest/Pods-VideoPlayerTest-frameworks.sh\"\n";
			showEnvVarsInLog = 0;
		};
		C84F76367C4866F781B643B8 /* [CP] Check Pods Manifest.lock */ = {
			isa = PBXShellScriptBuildPhase;
			buildActionMask = 2147483647;
			files = (
			);
			inputFileListPaths = (
			);
			inputPaths = (
				"${PODS_PODFILE_DIR_PATH}/Podfile.lock",
				"${PODS_ROOT}/Manifest.lock",
			);
			name = "[CP] Check Pods Manifest.lock";
			outputFileListPaths = (
			);
			outputPaths = (
				"$(DERIVED_FILE_DIR)/Pods-VideoPlayerTest-checkManifestLockResult.txt",
			);
			runOnlyForDeploymentPostprocessing = 0;
			shellPath = /bin/sh;
			shellScript = "diff \"${PODS_PODFILE_DIR_PATH}/Podfile.lock\" \"${PODS_ROOT}/Manifest.lock\" > /dev/null\nif [ $? != 0 ] ; then\n    # print error to STDERR\n    echo \"error: The sandbox is not in sync with the Podfile.lock. Run 'pod install' or update your CocoaPods installation.\" >&2\n    exit 1\nfi\n# This output is used by Xcode 'outputs' to avoid re-running this script phase.\necho \"SUCCESS\" > \"${SCRIPT_OUTPUT_FILE_0}\"\n";
			showEnvVarsInLog = 0;
		};
/* End PBXShellScriptBuildPhase section */

/* Begin PBXSourcesBuildPhase section */
		09190FF42A23765A00494FD7 /* Sources */ = {
			isa = PBXSourcesBuildPhase;
			buildActionMask = 2147483647;
			files = (
				091910122A23849E00494FD7 /* VideoPlayer.swift in Sources */,
				091910002A23765A00494FD7 /* ViewController.swift in Sources */,
				0924D03F2A387064005FECA1 /* CircleProgressView.swift in Sources */,
				09190FFC2A23765A00494FD7 /* AppDelegate.swift in Sources */,
				09190FFE2A23765A00494FD7 /* SceneDelegate.swift in Sources */,
			);
			runOnlyForDeploymentPostprocessing = 0;
		};
/* End PBXSourcesBuildPhase section */

/* Begin PBXVariantGroup section */
		091910012A23765A00494FD7 /* Main.storyboard */ = {
			isa = PBXVariantGroup;
			children = (
				091910022A23765A00494FD7 /* Base */,
			);
			name = Main.storyboard;
			sourceTree = "<group>";
		};
		091910062A23765C00494FD7 /* LaunchScreen.storyboard */ = {
			isa = PBXVariantGroup;
			children = (
				091910072A23765C00494FD7 /* Base */,
			);
			name = LaunchScreen.storyboard;
			sourceTree = "<group>";
		};
/* End PBXVariantGroup section */

/* Begin XCBuildConfiguration section */
		0919100A2A23765C00494FD7 /* Debug */ = {
			isa = XCBuildConfiguration;
			buildSettings = {
				ALWAYS_SEARCH_USER_PATHS = NO;
				CLANG_ANALYZER_NONNULL = YES;
				CLANG_ANALYZER_NUMBER_OBJECT_CONVERSION = YES_AGGRESSIVE;
				CLANG_CXX_LANGUAGE_STANDARD = "gnu++20";
				CLANG_ENABLE_MODULES = YES;
				CLANG_ENABLE_OBJC_ARC = YES;
				CLANG_ENABLE_OBJC_WEAK = YES;
				CLANG_WARN_BLOCK_CAPTURE_AUTORELEASING = YES;
				CLANG_WARN_BOOL_CONVERSION = YES;
				CLANG_WARN_COMMA = YES;
				CLANG_WARN_CONSTANT_CONVERSION = YES;
				CLANG_WARN_DEPRECATED_OBJC_IMPLEMENTATIONS = YES;
				CLANG_WARN_DIRECT_OBJC_ISA_USAGE = YES_ERROR;
				CLANG_WARN_DOCUMENTATION_COMMENTS = YES;
				CLANG_WARN_EMPTY_BODY = YES;
				CLANG_WARN_ENUM_CONVERSION = YES;
				CLANG_WARN_INFINITE_RECURSION = YES;
				CLANG_WARN_INT_CONVERSION = YES;
				CLANG_WARN_NON_LITERAL_NULL_CONVERSION = YES;
				CLANG_WARN_OBJC_IMPLICIT_RETAIN_SELF = YES;
				CLANG_WARN_OBJC_LITERAL_CONVERSION = YES;
				CLANG_WARN_OBJC_ROOT_CLASS = YES_ERROR;
				CLANG_WARN_QUOTED_INCLUDE_IN_FRAMEWORK_HEADER = YES;
				CLANG_WARN_RANGE_LOOP_ANALYSIS = YES;
				CLANG_WARN_STRICT_PROTOTYPES = YES;
				CLANG_WARN_SUSPICIOUS_MOVE = YES;
				CLANG_WARN_UNGUARDED_AVAILABILITY = YES_AGGRESSIVE;
				CLANG_WARN_UNREACHABLE_CODE = YES;
				CLANG_WARN__DUPLICATE_METHOD_MATCH = YES;
				COPY_PHASE_STRIP = NO;
				DEBUG_INFORMATION_FORMAT = dwarf;
				ENABLE_STRICT_OBJC_MSGSEND = YES;
				ENABLE_TESTABILITY = YES;
				GCC_C_LANGUAGE_STANDARD = gnu11;
				GCC_DYNAMIC_NO_PIC = NO;
				GCC_NO_COMMON_BLOCKS = YES;
				GCC_OPTIMIZATION_LEVEL = 0;
				GCC_PREPROCESSOR_DEFINITIONS = (
					"DEBUG=1",
					"$(inherited)",
				);
				GCC_WARN_64_TO_32_BIT_CONVERSION = YES;
				GCC_WARN_ABOUT_RETURN_TYPE = YES_ERROR;
				GCC_WARN_UNDECLARED_SELECTOR = YES;
				GCC_WARN_UNINITIALIZED_AUTOS = YES_AGGRESSIVE;
				GCC_WARN_UNUSED_FUNCTION = YES;
				GCC_WARN_UNUSED_VARIABLE = YES;
				IPHONEOS_DEPLOYMENT_TARGET = 16.4;
				MTL_ENABLE_DEBUG_INFO = INCLUDE_SOURCE;
				MTL_FAST_MATH = YES;
				ONLY_ACTIVE_ARCH = YES;
				SDKROOT = iphoneos;
				SWIFT_ACTIVE_COMPILATION_CONDITIONS = DEBUG;
				SWIFT_OPTIMIZATION_LEVEL = "-Onone";
			};
			name = Debug;
		};
		0919100B2A23765C00494FD7 /* Release */ = {
			isa = XCBuildConfiguration;
			buildSettings = {
				ALWAYS_SEARCH_USER_PATHS = NO;
				CLANG_ANALYZER_NONNULL = YES;
				CLANG_ANALYZER_NUMBER_OBJECT_CONVERSION = YES_AGGRESSIVE;
				CLANG_CXX_LANGUAGE_STANDARD = "gnu++20";
				CLANG_ENABLE_MODULES = YES;
				CLANG_ENABLE_OBJC_ARC = YES;
				CLANG_ENABLE_OBJC_WEAK = YES;
				CLANG_WARN_BLOCK_CAPTURE_AUTORELEASING = YES;
				CLANG_WARN_BOOL_CONVERSION = YES;
				CLANG_WARN_COMMA = YES;
				CLANG_WARN_CONSTANT_CONVERSION = YES;
				CLANG_WARN_DEPRECATED_OBJC_IMPLEMENTATIONS = YES;
				CLANG_WARN_DIRECT_OBJC_ISA_USAGE = YES_ERROR;
				CLANG_WARN_DOCUMENTATION_COMMENTS = YES;
				CLANG_WARN_EMPTY_BODY = YES;
				CLANG_WARN_ENUM_CONVERSION = YES;
				CLANG_WARN_INFINITE_RECURSION = YES;
				CLANG_WARN_INT_CONVERSION = YES;
				CLANG_WARN_NON_LITERAL_NULL_CONVERSION = YES;
				CLANG_WARN_OBJC_IMPLICIT_RETAIN_SELF = YES;
				CLANG_WARN_OBJC_LITERAL_CONVERSION = YES;
				CLANG_WARN_OBJC_ROOT_CLASS = YES_ERROR;
				CLANG_WARN_QUOTED_INCLUDE_IN_FRAMEWORK_HEADER = YES;
				CLANG_WARN_RANGE_LOOP_ANALYSIS = YES;
				CLANG_WARN_STRICT_PROTOTYPES = YES;
				CLANG_WARN_SUSPICIOUS_MOVE = YES;
				CLANG_WARN_UNGUARDED_AVAILABILITY = YES_AGGRESSIVE;
				CLANG_WARN_UNREACHABLE_CODE = YES;
				CLANG_WARN__DUPLICATE_METHOD_MATCH = YES;
				COPY_PHASE_STRIP = NO;
				DEBUG_INFORMATION_FORMAT = "dwarf-with-dsym";
				ENABLE_NS_ASSERTIONS = NO;
				ENABLE_STRICT_OBJC_MSGSEND = YES;
				GCC_C_LANGUAGE_STANDARD = gnu11;
				GCC_NO_COMMON_BLOCKS = YES;
				GCC_WARN_64_TO_32_BIT_CONVERSION = YES;
				GCC_WARN_ABOUT_RETURN_TYPE = YES_ERROR;
				GCC_WARN_UNDECLARED_SELECTOR = YES;
				GCC_WARN_UNINITIALIZED_AUTOS = YES_AGGRESSIVE;
				GCC_WARN_UNUSED_FUNCTION = YES;
				GCC_WARN_UNUSED_VARIABLE = YES;
				IPHONEOS_DEPLOYMENT_TARGET = 16.4;
				MTL_ENABLE_DEBUG_INFO = NO;
				MTL_FAST_MATH = YES;
				SDKROOT = iphoneos;
				SWIFT_COMPILATION_MODE = wholemodule;
				SWIFT_OPTIMIZATION_LEVEL = "-O";
				VALIDATE_PRODUCT = YES;
			};
			name = Release;
		};
		0919100D2A23765C00494FD7 /* Debug */ = {
			isa = XCBuildConfiguration;
			baseConfigurationReference = 94D5B086CCA4ADD23E9C289B /* Pods-VideoPlayerTest.debug.xcconfig */;
			buildSettings = {
				ASSETCATALOG_COMPILER_APPICON_NAME = AppIcon;
				ASSETCATALOG_COMPILER_GLOBAL_ACCENT_COLOR_NAME = AccentColor;
				CODE_SIGN_STYLE = Automatic;
				CURRENT_PROJECT_VERSION = 1;
				GENERATE_INFOPLIST_FILE = YES;
				INFOPLIST_FILE = VideoPlayerTest/Info.plist;
				INFOPLIST_KEY_UIApplicationSupportsIndirectInputEvents = YES;
				INFOPLIST_KEY_UILaunchStoryboardName = LaunchScreen;
				INFOPLIST_KEY_UIMainStoryboardFile = Main;
				INFOPLIST_KEY_UISupportedInterfaceOrientations_iPad = "UIInterfaceOrientationPortrait UIInterfaceOrientationPortraitUpsideDown UIInterfaceOrientationLandscapeLeft UIInterfaceOrientationLandscapeRight";
				INFOPLIST_KEY_UISupportedInterfaceOrientations_iPhone = "UIInterfaceOrientationPortrait UIInterfaceOrientationLandscapeLeft UIInterfaceOrientationLandscapeRight";
				IPHONEOS_DEPLOYMENT_TARGET = 14.0;
				LD_RUNPATH_SEARCH_PATHS = (
					"$(inherited)",
					"@executable_path/Frameworks",
				);
				MARKETING_VERSION = 1.0;
				PRODUCT_BUNDLE_IDENTIFIER = com.app.VideoPlayerTest;
				PRODUCT_NAME = "$(TARGET_NAME)";
				SWIFT_EMIT_LOC_STRINGS = YES;
				SWIFT_VERSION = 5.0;
				TARGETED_DEVICE_FAMILY = "1,2";
			};
			name = Debug;
		};
		0919100E2A23765C00494FD7 /* Release */ = {
			isa = XCBuildConfiguration;
			baseConfigurationReference = E29778C883157A70D39800E2 /* Pods-VideoPlayerTest.release.xcconfig */;
			buildSettings = {
				ASSETCATALOG_COMPILER_APPICON_NAME = AppIcon;
				ASSETCATALOG_COMPILER_GLOBAL_ACCENT_COLOR_NAME = AccentColor;
				CODE_SIGN_STYLE = Automatic;
				CURRENT_PROJECT_VERSION = 1;
				GENERATE_INFOPLIST_FILE = YES;
				INFOPLIST_FILE = VideoPlayerTest/Info.plist;
				INFOPLIST_KEY_UIApplicationSupportsIndirectInputEvents = YES;
				INFOPLIST_KEY_UILaunchStoryboardName = LaunchScreen;
				INFOPLIST_KEY_UIMainStoryboardFile = Main;
				INFOPLIST_KEY_UISupportedInterfaceOrientations_iPad = "UIInterfaceOrientationPortrait UIInterfaceOrientationPortraitUpsideDown UIInterfaceOrientationLandscapeLeft UIInterfaceOrientationLandscapeRight";
				INFOPLIST_KEY_UISupportedInterfaceOrientations_iPhone = "UIInterfaceOrientationPortrait UIInterfaceOrientationLandscapeLeft UIInterfaceOrientationLandscapeRight";
				IPHONEOS_DEPLOYMENT_TARGET = 14.0;
				LD_RUNPATH_SEARCH_PATHS = (
					"$(inherited)",
					"@executable_path/Frameworks",
				);
				MARKETING_VERSION = 1.0;
				PRODUCT_BUNDLE_IDENTIFIER = com.app.VideoPlayerTest;
				PRODUCT_NAME = "$(TARGET_NAME)";
				SWIFT_EMIT_LOC_STRINGS = YES;
				SWIFT_VERSION = 5.0;
				TARGETED_DEVICE_FAMILY = "1,2";
			};
			name = Release;
		};
/* End XCBuildConfiguration section */

/* Begin XCConfigurationList section */
		09190FF32A23765A00494FD7 /* Build configuration list for PBXProject "VideoPlayerTest" */ = {
			isa = XCConfigurationList;
			buildConfigurations = (
				0919100A2A23765C00494FD7 /* Debug */,
				0919100B2A23765C00494FD7 /* Release */,
			);
			defaultConfigurationIsVisible = 0;
			defaultConfigurationName = Release;
		};
		0919100C2A23765C00494FD7 /* Build configuration list for PBXNativeTarget "VideoPlayerTest" */ = {
			isa = XCConfigurationList;
			buildConfigurations = (
				0919100D2A23765C00494FD7 /* Debug */,
				0919100E2A23765C00494FD7 /* Release */,
			);
			defaultConfigurationIsVisible = 0;
			defaultConfigurationName = Release;
		};
/* End XCConfigurationList section */
	};
	rootObject = 09190FF02A23765A00494FD7 /* Project object */;
}
