// !$*UTF8*$!
{
	archiveVersion = 1;
	classes = {
	};
	objectVersion = 56;
	objects = {

/* Begin PBXBuildFile section */
		090943FF2A5E5DCD006C1F8B /* AppDelegate.swift in Sources */ = {isa = PBXBuildFile; fileRef = 090943FE2A5E5DCD006C1F8B /* AppDelegate.swift */; };
		090944012A5E5DCD006C1F8B /* SceneDelegate.swift in Sources */ = {isa = PBXBuildFile; fileRef = 090944002A5E5DCD006C1F8B /* SceneDelegate.swift */; };
		090944032A5E5DCD006C1F8B /* ViewController.swift in Sources */ = {isa = PBXBuildFile; fileRef = 090944022A5E5DCD006C1F8B /* ViewController.swift */; };
		090944062A5E5DCD006C1F8B /* Main.storyboard in Resources */ = {isa = PBXBuildFile; fileRef = 090944042A5E5DCD006C1F8B /* Main.storyboard */; };
		090944082A5E5DCE006C1F8B /* Assets.xcassets in Resources */ = {isa = PBXBuildFile; fileRef = 090944072A5E5DCE006C1F8B /* Assets.xcassets */; };
		0909440B2A5E5DCE006C1F8B /* LaunchScreen.storyboard in Resources */ = {isa = PBXBuildFile; fileRef = 090944092A5E5DCE006C1F8B /* LaunchScreen.storyboard */; };
		090944142A5E75DD006C1F8B /* CapturedImageView.swift in Sources */ = {isa = PBXBuildFile; fileRef = 090944122A5E75DD006C1F8B /* CapturedImageView.swift */; };
		09E026312A5F9CCF001F6826 /* CoreML.framework in Frameworks */ = {isa = PBXBuildFile; fileRef = 09E026302A5F9CCF001F6826 /* CoreML.framework */; };
		09E026332A5F9E22001F6826 /* DeepLabV3.mlmodel in Sources */ = {isa = PBXBuildFile; fileRef = 09E026322A5F9E22001F6826 /* DeepLabV3.mlmodel */; };
		09E0919E2B849A2F001FF11D /* ImageProcessor.swift in Sources */ = {isa = PBXBuildFile; fileRef = 09E0919D2B849A2F001FF11D /* ImageProcessor.swift */; };
		09E091B12B84AEE5001FF11D /* Array+Extensions.swift in Sources */ = {isa = PBXBuildFile; fileRef = 09E091A02B84AEE5001FF11D /* Array+Extensions.swift */; };
		09E091B22B84AEE5001FF11D /* Math.swift in Sources */ = {isa = PBXBuildFile; fileRef = 09E091A12B84AEE5001FF11D /* Math.swift */; };
		09E091B32B84AEE5001FF11D /* UIImage+CVPixelBuffer.swift in Sources */ = {isa = PBXBuildFile; fileRef = 09E091A22B84AEE5001FF11D /* UIImage+CVPixelBuffer.swift */; };
		09E091B42B84AEE5001FF11D /* Predictions.swift in Sources */ = {isa = PBXBuildFile; fileRef = 09E091A32B84AEE5001FF11D /* Predictions.swift */; };
		09E091B52B84AEE5001FF11D /* UIImage+Extensions.swift in Sources */ = {isa = PBXBuildFile; fileRef = 09E091A42B84AEE5001FF11D /* UIImage+Extensions.swift */; };
		09E091B62B84AEE5001FF11D /* CGImagePropertyOrientation.swift in Sources */ = {isa = PBXBuildFile; fileRef = 09E091A52B84AEE5001FF11D /* CGImagePropertyOrientation.swift */; };
		09E091B72B84AEE5001FF11D /* UIImage+RawBytes.swift in Sources */ = {isa = PBXBuildFile; fileRef = 09E091A62B84AEE5001FF11D /* UIImage+RawBytes.swift */; };
		09E091B82B84AEE5001FF11D /* MLMultiArray+Helpers.swift in Sources */ = {isa = PBXBuildFile; fileRef = 09E091A72B84AEE5001FF11D /* MLMultiArray+Helpers.swift */; };
		09E091B92B84AEE5001FF11D /* MLModel+Images.swift in Sources */ = {isa = PBXBuildFile; fileRef = 09E091A82B84AEE5001FF11D /* MLModel+Images.swift */; };
		09E091BA2B84AEE5001FF11D /* CoreML+Combine.swift in Sources */ = {isa = PBXBuildFile; fileRef = 09E091A92B84AEE5001FF11D /* CoreML+Combine.swift */; };
		09E091BB2B84AEE5001FF11D /* CVPixelBuffer+Create.swift in Sources */ = {isa = PBXBuildFile; fileRef = 09E091AA2B84AEE5001FF11D /* CVPixelBuffer+Create.swift */; };
		09E091BC2B84AEE5001FF11D /* CGImage+CVPixelBuffer.swift in Sources */ = {isa = PBXBuildFile; fileRef = 09E091AB2B84AEE5001FF11D /* CGImage+CVPixelBuffer.swift */; };
		09E091BD2B84AEE5001FF11D /* NonMaxSuppression.swift in Sources */ = {isa = PBXBuildFile; fileRef = 09E091AC2B84AEE5001FF11D /* NonMaxSuppression.swift */; };
		09E091BE2B84AEE5001FF11D /* CGImage+RawBytes.swift in Sources */ = {isa = PBXBuildFile; fileRef = 09E091AD2B84AEE5001FF11D /* CGImage+RawBytes.swift */; };
		09E091BF2B84AEE5001FF11D /* MLMultiArray+Image.swift in Sources */ = {isa = PBXBuildFile; fileRef = 09E091AE2B84AEE5001FF11D /* MLMultiArray+Image.swift */; };
		09E091C02B84AEE5001FF11D /* CVPixelBuffer+Resize.swift in Sources */ = {isa = PBXBuildFile; fileRef = 09E091AF2B84AEE5001FF11D /* CVPixelBuffer+Resize.swift */; };
		09E091C12B84AEE5001FF11D /* CVPixelBuffer+Rotate.swift in Sources */ = {isa = PBXBuildFile; fileRef = 09E091B02B84AEE5001FF11D /* CVPixelBuffer+Rotate.swift */; };
/* End PBXBuildFile section */

/* Begin PBXFileReference section */
		090943FB2A5E5DCD006C1F8B /* MyCamera.app */ = {isa = PBXFileReference; explicitFileType = wrapper.application; includeInIndex = 0; path = MyCamera.app; sourceTree = BUILT_PRODUCTS_DIR; };
		090943FE2A5E5DCD006C1F8B /* AppDelegate.swift */ = {isa = PBXFileReference; lastKnownFileType = sourcecode.swift; path = AppDelegate.swift; sourceTree = "<group>"; };
		090944002A5E5DCD006C1F8B /* SceneDelegate.swift */ = {isa = PBXFileReference; lastKnownFileType = sourcecode.swift; path = SceneDelegate.swift; sourceTree = "<group>"; };
		090944022A5E5DCD006C1F8B /* ViewController.swift */ = {isa = PBXFileReference; lastKnownFileType = sourcecode.swift; path = ViewController.swift; sourceTree = "<group>"; };
		090944052A5E5DCD006C1F8B /* Base */ = {isa = PBXFileReference; lastKnownFileType = file.storyboard; name = Base; path = Base.lproj/Main.storyboard; sourceTree = "<group>"; };
		090944072A5E5DCE006C1F8B /* Assets.xcassets */ = {isa = PBXFileReference; lastKnownFileType = folder.assetcatalog; path = Assets.xcassets; sourceTree = "<group>"; };
		0909440A2A5E5DCE006C1F8B /* Base */ = {isa = PBXFileReference; lastKnownFileType = file.storyboard; name = Base; path = Base.lproj/LaunchScreen.storyboard; sourceTree = "<group>"; };
		0909440C2A5E5DCE006C1F8B /* Info.plist */ = {isa = PBXFileReference; lastKnownFileType = text.plist.xml; path = Info.plist; sourceTree = "<group>"; };
		090944122A5E75DD006C1F8B /* CapturedImageView.swift */ = {isa = PBXFileReference; fileEncoding = 4; lastKnownFileType = sourcecode.swift; path = CapturedImageView.swift; sourceTree = "<group>"; };
		09E026302A5F9CCF001F6826 /* CoreML.framework */ = {isa = PBXFileReference; lastKnownFileType = wrapper.framework; name = CoreML.framework; path = System/Library/Frameworks/CoreML.framework; sourceTree = SDKROOT; };
		09E026322A5F9E22001F6826 /* DeepLabV3.mlmodel */ = {isa = PBXFileReference; lastKnownFileType = file.mlmodel; path = DeepLabV3.mlmodel; sourceTree = "<group>"; };
		09E0919D2B849A2F001FF11D /* ImageProcessor.swift */ = {isa = PBXFileReference; lastKnownFileType = sourcecode.swift; path = ImageProcessor.swift; sourceTree = "<group>"; };
		09E091A02B84AEE5001FF11D /* Array+Extensions.swift */ = {isa = PBXFileReference; fileEncoding = 4; lastKnownFileType = sourcecode.swift; path = "Array+Extensions.swift"; sourceTree = "<group>"; };
		09E091A12B84AEE5001FF11D /* Math.swift */ = {isa = PBXFileReference; fileEncoding = 4; lastKnownFileType = sourcecode.swift; path = Math.swift; sourceTree = "<group>"; };
		09E091A22B84AEE5001FF11D /* UIImage+CVPixelBuffer.swift */ = {isa = PBXFileReference; fileEncoding = 4; lastKnownFileType = sourcecode.swift; path = "UIImage+CVPixelBuffer.swift"; sourceTree = "<group>"; };
		09E091A32B84AEE5001FF11D /* Predictions.swift */ = {isa = PBXFileReference; fileEncoding = 4; lastKnownFileType = sourcecode.swift; path = Predictions.swift; sourceTree = "<group>"; };
		09E091A42B84AEE5001FF11D /* UIImage+Extensions.swift */ = {isa = PBXFileReference; fileEncoding = 4; lastKnownFileType = sourcecode.swift; path = "UIImage+Extensions.swift"; sourceTree = "<group>"; };
		09E091A52B84AEE5001FF11D /* CGImagePropertyOrientation.swift */ = {isa = PBXFileReference; fileEncoding = 4; lastKnownFileType = sourcecode.swift; path = CGImagePropertyOrientation.swift; sourceTree = "<group>"; };
		09E091A62B84AEE5001FF11D /* UIImage+RawBytes.swift */ = {isa = PBXFileReference; fileEncoding = 4; lastKnownFileType = sourcecode.swift; path = "UIImage+RawBytes.swift"; sourceTree = "<group>"; };
		09E091A72B84AEE5001FF11D /* MLMultiArray+Helpers.swift */ = {isa = PBXFileReference; fileEncoding = 4; lastKnownFileType = sourcecode.swift; path = "MLMultiArray+Helpers.swift"; sourceTree = "<group>"; };
		09E091A82B84AEE5001FF11D /* MLModel+Images.swift */ = {isa = PBXFileReference; fileEncoding = 4; lastKnownFileType = sourcecode.swift; path = "MLModel+Images.swift"; sourceTree = "<group>"; };
		09E091A92B84AEE5001FF11D /* CoreML+Combine.swift */ = {isa = PBXFileReference; fileEncoding = 4; lastKnownFileType = sourcecode.swift; path = "CoreML+Combine.swift"; sourceTree = "<group>"; };
		09E091AA2B84AEE5001FF11D /* CVPixelBuffer+Create.swift */ = {isa = PBXFileReference; fileEncoding = 4; lastKnownFileType = sourcecode.swift; path = "CVPixelBuffer+Create.swift"; sourceTree = "<group>"; };
		09E091AB2B84AEE5001FF11D /* CGImage+CVPixelBuffer.swift */ = {isa = PBXFileReference; fileEncoding = 4; lastKnownFileType = sourcecode.swift; path = "CGImage+CVPixelBuffer.swift"; sourceTree = "<group>"; };
		09E091AC2B84AEE5001FF11D /* NonMaxSuppression.swift */ = {isa = PBXFileReference; fileEncoding = 4; lastKnownFileType = sourcecode.swift; path = NonMaxSuppression.swift; sourceTree = "<group>"; };
		09E091AD2B84AEE5001FF11D /* CGImage+RawBytes.swift */ = {isa = PBXFileReference; fileEncoding = 4; lastKnownFileType = sourcecode.swift; path = "CGImage+RawBytes.swift"; sourceTree = "<group>"; };
		09E091AE2B84AEE5001FF11D /* MLMultiArray+Image.swift */ = {isa = PBXFileReference; fileEncoding = 4; lastKnownFileType = sourcecode.swift; path = "MLMultiArray+Image.swift"; sourceTree = "<group>"; };
		09E091AF2B84AEE5001FF11D /* CVPixelBuffer+Resize.swift */ = {isa = PBXFileReference; fileEncoding = 4; lastKnownFileType = sourcecode.swift; path = "CVPixelBuffer+Resize.swift"; sourceTree = "<group>"; };
		09E091B02B84AEE5001FF11D /* CVPixelBuffer+Rotate.swift */ = {isa = PBXFileReference; fileEncoding = 4; lastKnownFileType = sourcecode.swift; path = "CVPixelBuffer+Rotate.swift"; sourceTree = "<group>"; };
/* End PBXFileReference section */

/* Begin PBXFrameworksBuildPhase section */
		090943F82A5E5DCD006C1F8B /* Frameworks */ = {
			isa = PBXFrameworksBuildPhase;
			buildActionMask = 2147483647;
			files = (
				09E026312A5F9CCF001F6826 /* CoreML.framework in Frameworks */,
			);
			runOnlyForDeploymentPostprocessing = 0;
		};
/* End PBXFrameworksBuildPhase section */

/* Begin PBXGroup section */
		090943F22A5E5DCD006C1F8B = {
			isa = PBXGroup;
			children = (
				090943FD2A5E5DCD006C1F8B /* MyCamera */,
				090943FC2A5E5DCD006C1F8B /* Products */,
				09E0262F2A5F9CCF001F6826 /* Frameworks */,
			);
			sourceTree = "<group>";
		};
		090943FC2A5E5DCD006C1F8B /* Products */ = {
			isa = PBXGroup;
			children = (
				090943FB2A5E5DCD006C1F8B /* MyCamera.app */,
			);
			name = Products;
			sourceTree = "<group>";
		};
		090943FD2A5E5DCD006C1F8B /* MyCamera */ = {
			isa = PBXGroup;
			children = (
				09E0919F2B84AEE5001FF11D /* CoreMLHelpers */,
				090943FE2A5E5DCD006C1F8B /* AppDelegate.swift */,
				090944002A5E5DCD006C1F8B /* SceneDelegate.swift */,
				090944022A5E5DCD006C1F8B /* ViewController.swift */,
				090944042A5E5DCD006C1F8B /* Main.storyboard */,
				090944072A5E5DCE006C1F8B /* Assets.xcassets */,
				090944092A5E5DCE006C1F8B /* LaunchScreen.storyboard */,
				0909440C2A5E5DCE006C1F8B /* Info.plist */,
				090944122A5E75DD006C1F8B /* CapturedImageView.swift */,
				09E026322A5F9E22001F6826 /* DeepLabV3.mlmodel */,
				09E0919D2B849A2F001FF11D /* ImageProcessor.swift */,
			);
			path = MyCamera;
			sourceTree = "<group>";
		};
		09E0262F2A5F9CCF001F6826 /* Frameworks */ = {
			isa = PBXGroup;
			children = (
				09E026302A5F9CCF001F6826 /* CoreML.framework */,
			);
			name = Frameworks;
			sourceTree = "<group>";
		};
		09E0919F2B84AEE5001FF11D /* CoreMLHelpers */ = {
			isa = PBXGroup;
			children = (
				09E091A02B84AEE5001FF11D /* Array+Extensions.swift */,
				09E091A12B84AEE5001FF11D /* Math.swift */,
				09E091A22B84AEE5001FF11D /* UIImage+CVPixelBuffer.swift */,
				09E091A32B84AEE5001FF11D /* Predictions.swift */,
				09E091A42B84AEE5001FF11D /* UIImage+Extensions.swift */,
				09E091A52B84AEE5001FF11D /* CGImagePropertyOrientation.swift */,
				09E091A62B84AEE5001FF11D /* UIImage+RawBytes.swift */,
				09E091A72B84AEE5001FF11D /* MLMultiArray+Helpers.swift */,
				09E091A82B84AEE5001FF11D /* MLModel+Images.swift */,
				09E091A92B84AEE5001FF11D /* CoreML+Combine.swift */,
				09E091AA2B84AEE5001FF11D /* CVPixelBuffer+Create.swift */,
				09E091AB2B84AEE5001FF11D /* CGImage+CVPixelBuffer.swift */,
				09E091AC2B84AEE5001FF11D /* NonMaxSuppression.swift */,
				09E091AD2B84AEE5001FF11D /* CGImage+RawBytes.swift */,
				09E091AE2B84AEE5001FF11D /* MLMultiArray+Image.swift */,
				09E091AF2B84AEE5001FF11D /* CVPixelBuffer+Resize.swift */,
				09E091B02B84AEE5001FF11D /* CVPixelBuffer+Rotate.swift */,
			);
			path = CoreMLHelpers;
			sourceTree = "<group>";
		};
/* End PBXGroup section */

/* Begin PBXNativeTarget section */
		090943FA2A5E5DCD006C1F8B /* MyCamera */ = {
			isa = PBXNativeTarget;
			buildConfigurationList = 0909440F2A5E5DCE006C1F8B /* Build configuration list for PBXNativeTarget "MyCamera" */;
			buildPhases = (
				090943F72A5E5DCD006C1F8B /* Sources */,
				090943F82A5E5DCD006C1F8B /* Frameworks */,
				090943F92A5E5DCD006C1F8B /* Resources */,
			);
			buildRules = (
			);
			dependencies = (
			);
			name = MyCamera;
			productName = MyCamera;
			productReference = 090943FB2A5E5DCD006C1F8B /* MyCamera.app */;
			productType = "com.apple.product-type.application";
		};
/* End PBXNativeTarget section */

/* Begin PBXProject section */
		090943F32A5E5DCD006C1F8B /* Project object */ = {
			isa = PBXProject;
			attributes = {
				BuildIndependentTargetsInParallel = 1;
				LastSwiftUpdateCheck = 1430;
				LastUpgradeCheck = 1430;
				TargetAttributes = {
					090943FA2A5E5DCD006C1F8B = {
						CreatedOnToolsVersion = 14.3;
					};
				};
			};
			buildConfigurationList = 090943F62A5E5DCD006C1F8B /* Build configuration list for PBXProject "MyCamera" */;
			compatibilityVersion = "Xcode 14.0";
			developmentRegion = en;
			hasScannedForEncodings = 0;
			knownRegions = (
				en,
				Base,
			);
			mainGroup = 090943F22A5E5DCD006C1F8B;
			productRefGroup = 090943FC2A5E5DCD006C1F8B /* Products */;
			projectDirPath = "";
			projectRoot = "";
			targets = (
				090943FA2A5E5DCD006C1F8B /* MyCamera */,
			);
		};
/* End PBXProject section */

/* Begin PBXResourcesBuildPhase section */
		090943F92A5E5DCD006C1F8B /* Resources */ = {
			isa = PBXResourcesBuildPhase;
			buildActionMask = 2147483647;
			files = (
				0909440B2A5E5DCE006C1F8B /* LaunchScreen.storyboard in Resources */,
				090944082A5E5DCE006C1F8B /* Assets.xcassets in Resources */,
				090944062A5E5DCD006C1F8B /* Main.storyboard in Resources */,
			);
			runOnlyForDeploymentPostprocessing = 0;
		};
/* End PBXResourcesBuildPhase section */

/* Begin PBXSourcesBuildPhase section */
		090943F72A5E5DCD006C1F8B /* Sources */ = {
			isa = PBXSourcesBuildPhase;
			buildActionMask = 2147483647;
			files = (
				09E091B82B84AEE5001FF11D /* MLMultiArray+Helpers.swift in Sources */,
				09E091C02B84AEE5001FF11D /* CVPixelBuffer+Resize.swift in Sources */,
				09E091BB2B84AEE5001FF11D /* CVPixelBuffer+Create.swift in Sources */,
				09E091B72B84AEE5001FF11D /* UIImage+RawBytes.swift in Sources */,
				09E091BC2B84AEE5001FF11D /* CGImage+CVPixelBuffer.swift in Sources */,
				09E091B42B84AEE5001FF11D /* Predictions.swift in Sources */,
				090944142A5E75DD006C1F8B /* CapturedImageView.swift in Sources */,
				090944032A5E5DCD006C1F8B /* ViewController.swift in Sources */,
				090943FF2A5E5DCD006C1F8B /* AppDelegate.swift in Sources */,
				09E091BD2B84AEE5001FF11D /* NonMaxSuppression.swift in Sources */,
				09E091B52B84AEE5001FF11D /* UIImage+Extensions.swift in Sources */,
				09E091BE2B84AEE5001FF11D /* CGImage+RawBytes.swift in Sources */,
				09E091B12B84AEE5001FF11D /* Array+Extensions.swift in Sources */,
				09E026332A5F9E22001F6826 /* DeepLabV3.mlmodel in Sources */,
				09E091C12B84AEE5001FF11D /* CVPixelBuffer+Rotate.swift in Sources */,
				09E091BA2B84AEE5001FF11D /* CoreML+Combine.swift in Sources */,
				09E0919E2B849A2F001FF11D /* ImageProcessor.swift in Sources */,
				09E091B92B84AEE5001FF11D /* MLModel+Images.swift in Sources */,
				090944012A5E5DCD006C1F8B /* SceneDelegate.swift in Sources */,
				09E091BF2B84AEE5001FF11D /* MLMultiArray+Image.swift in Sources */,
				09E091B32B84AEE5001FF11D /* UIImage+CVPixelBuffer.swift in Sources */,
				09E091B62B84AEE5001FF11D /* CGImagePropertyOrientation.swift in Sources */,
				09E091B22B84AEE5001FF11D /* Math.swift in Sources */,
			);
			runOnlyForDeploymentPostprocessing = 0;
		};
/* End PBXSourcesBuildPhase section */

/* Begin PBXVariantGroup section */
		090944042A5E5DCD006C1F8B /* Main.storyboard */ = {
			isa = PBXVariantGroup;
			children = (
				090944052A5E5DCD006C1F8B /* Base */,
			);
			name = Main.storyboard;
			sourceTree = "<group>";
		};
		090944092A5E5DCE006C1F8B /* LaunchScreen.storyboard */ = {
			isa = PBXVariantGroup;
			children = (
				0909440A2A5E5DCE006C1F8B /* Base */,
			);
			name = LaunchScreen.storyboard;
			sourceTree = "<group>";
		};
/* End PBXVariantGroup section */

/* Begin XCBuildConfiguration section */
		0909440D2A5E5DCE006C1F8B /* Debug */ = {
			isa = XCBuildConfiguration;
			buildSettings = {
				ALWAYS_SEARCH_USER_PATHS = NO;
				CLANG_ANALYZER_NONNULL = YES;
				CLANG_ANALYZER_NUMBER_OBJECT_CONVERSION = YES_AGGRESSIVE;
				CLANG_CXX_LANGUAGE_STANDARD = "gnu++20";
				CLANG_ENABLE_MODULES = YES;
				CLANG_ENABLE_OBJC_ARC = YES;
				CLANG_ENABLE_OBJC_WEAK = YES;
				CLANG_WARN_BLOCK_CAPTURE_AUTORELEASING = YES;
				CLANG_WARN_BOOL_CONVERSION = YES;
				CLANG_WARN_COMMA = YES;
				CLANG_WARN_CONSTANT_CONVERSION = YES;
				CLANG_WARN_DEPRECATED_OBJC_IMPLEMENTATIONS = YES;
				CLANG_WARN_DIRECT_OBJC_ISA_USAGE = YES_ERROR;
				CLANG_WARN_DOCUMENTATION_COMMENTS = YES;
				CLANG_WARN_EMPTY_BODY = YES;
				CLANG_WARN_ENUM_CONVERSION = YES;
				CLANG_WARN_INFINITE_RECURSION = YES;
				CLANG_WARN_INT_CONVERSION = YES;
				CLANG_WARN_NON_LITERAL_NULL_CONVERSION = YES;
				CLANG_WARN_OBJC_IMPLICIT_RETAIN_SELF = YES;
				CLANG_WARN_OBJC_LITERAL_CONVERSION = YES;
				CLANG_WARN_OBJC_ROOT_CLASS = YES_ERROR;
				CLANG_WARN_QUOTED_INCLUDE_IN_FRAMEWORK_HEADER = YES;
				CLANG_WARN_RANGE_LOOP_ANALYSIS = YES;
				CLANG_WARN_STRICT_PROTOTYPES = YES;
				CLANG_WARN_SUSPICIOUS_MOVE = YES;
				CLANG_WARN_UNGUARDED_AVAILABILITY = YES_AGGRESSIVE;
				CLANG_WARN_UNREACHABLE_CODE = YES;
				CLANG_WARN__DUPLICATE_METHOD_MATCH = YES;
				COPY_PHASE_STRIP = NO;
				DEBUG_INFORMATION_FORMAT = dwarf;
				ENABLE_STRICT_OBJC_MSGSEND = YES;
				ENABLE_TESTABILITY = YES;
				GCC_C_LANGUAGE_STANDARD = gnu11;
				GCC_DYNAMIC_NO_PIC = NO;
				GCC_NO_COMMON_BLOCKS = YES;
				GCC_OPTIMIZATION_LEVEL = 0;
				GCC_PREPROCESSOR_DEFINITIONS = (
					"DEBUG=1",
					"$(inherited)",
				);
				GCC_WARN_64_TO_32_BIT_CONVERSION = YES;
				GCC_WARN_ABOUT_RETURN_TYPE = YES_ERROR;
				GCC_WARN_UNDECLARED_SELECTOR = YES;
				GCC_WARN_UNINITIALIZED_AUTOS = YES_AGGRESSIVE;
				GCC_WARN_UNUSED_FUNCTION = YES;
				GCC_WARN_UNUSED_VARIABLE = YES;
				IPHONEOS_DEPLOYMENT_TARGET = 16.4;
				MTL_ENABLE_DEBUG_INFO = INCLUDE_SOURCE;
				MTL_FAST_MATH = YES;
				ONLY_ACTIVE_ARCH = YES;
				SDKROOT = iphoneos;
				SWIFT_ACTIVE_COMPILATION_CONDITIONS = DEBUG;
				SWIFT_OPTIMIZATION_LEVEL = "-Onone";
			};
			name = Debug;
		};
		0909440E2A5E5DCE006C1F8B /* Release */ = {
			isa = XCBuildConfiguration;
			buildSettings = {
				ALWAYS_SEARCH_USER_PATHS = NO;
				CLANG_ANALYZER_NONNULL = YES;
				CLANG_ANALYZER_NUMBER_OBJECT_CONVERSION = YES_AGGRESSIVE;
				CLANG_CXX_LANGUAGE_STANDARD = "gnu++20";
				CLANG_ENABLE_MODULES = YES;
				CLANG_ENABLE_OBJC_ARC = YES;
				CLANG_ENABLE_OBJC_WEAK = YES;
				CLANG_WARN_BLOCK_CAPTURE_AUTORELEASING = YES;
				CLANG_WARN_BOOL_CONVERSION = YES;
				CLANG_WARN_COMMA = YES;
				CLANG_WARN_CONSTANT_CONVERSION = YES;
				CLANG_WARN_DEPRECATED_OBJC_IMPLEMENTATIONS = YES;
				CLANG_WARN_DIRECT_OBJC_ISA_USAGE = YES_ERROR;
				CLANG_WARN_DOCUMENTATION_COMMENTS = YES;
				CLANG_WARN_EMPTY_BODY = YES;
				CLANG_WARN_ENUM_CONVERSION = YES;
				CLANG_WARN_INFINITE_RECURSION = YES;
				CLANG_WARN_INT_CONVERSION = YES;
				CLANG_WARN_NON_LITERAL_NULL_CONVERSION = YES;
				CLANG_WARN_OBJC_IMPLICIT_RETAIN_SELF = YES;
				CLANG_WARN_OBJC_LITERAL_CONVERSION = YES;
				CLANG_WARN_OBJC_ROOT_CLASS = YES_ERROR;
				CLANG_WARN_QUOTED_INCLUDE_IN_FRAMEWORK_HEADER = YES;
				CLANG_WARN_RANGE_LOOP_ANALYSIS = YES;
				CLANG_WARN_STRICT_PROTOTYPES = YES;
				CLANG_WARN_SUSPICIOUS_MOVE = YES;
				CLANG_WARN_UNGUARDED_AVAILABILITY = YES_AGGRESSIVE;
				CLANG_WARN_UNREACHABLE_CODE = YES;
				CLANG_WARN__DUPLICATE_METHOD_MATCH = YES;
				COPY_PHASE_STRIP = NO;
				DEBUG_INFORMATION_FORMAT = "dwarf-with-dsym";
				ENABLE_NS_ASSERTIONS = NO;
				ENABLE_STRICT_OBJC_MSGSEND = YES;
				GCC_C_LANGUAGE_STANDARD = gnu11;
				GCC_NO_COMMON_BLOCKS = YES;
				GCC_WARN_64_TO_32_BIT_CONVERSION = YES;
				GCC_WARN_ABOUT_RETURN_TYPE = YES_ERROR;
				GCC_WARN_UNDECLARED_SELECTOR = YES;
				GCC_WARN_UNINITIALIZED_AUTOS = YES_AGGRESSIVE;
				GCC_WARN_UNUSED_FUNCTION = YES;
				GCC_WARN_UNUSED_VARIABLE = YES;
				IPHONEOS_DEPLOYMENT_TARGET = 16.4;
				MTL_ENABLE_DEBUG_INFO = NO;
				MTL_FAST_MATH = YES;
				SDKROOT = iphoneos;
				SWIFT_COMPILATION_MODE = wholemodule;
				SWIFT_OPTIMIZATION_LEVEL = "-O";
				VALIDATE_PRODUCT = YES;
			};
			name = Release;
		};
		090944102A5E5DCE006C1F8B /* Debug */ = {
			isa = XCBuildConfiguration;
			buildSettings = {
				ASSETCATALOG_COMPILER_APPICON_NAME = AppIcon;
				ASSETCATALOG_COMPILER_GLOBAL_ACCENT_COLOR_NAME = AccentColor;
				CODE_SIGN_STYLE = Automatic;
				CURRENT_PROJECT_VERSION = 1;
				DEVELOPMENT_TEAM = 7S69FZM933;
				GENERATE_INFOPLIST_FILE = YES;
				INFOPLIST_FILE = MyCamera/Info.plist;
				INFOPLIST_KEY_UIApplicationSupportsIndirectInputEvents = YES;
				INFOPLIST_KEY_UILaunchStoryboardName = LaunchScreen;
				INFOPLIST_KEY_UIMainStoryboardFile = Main;
				INFOPLIST_KEY_UISupportedInterfaceOrientations_iPad = "UIInterfaceOrientationPortrait UIInterfaceOrientationPortraitUpsideDown UIInterfaceOrientationLandscapeLeft UIInterfaceOrientationLandscapeRight";
				INFOPLIST_KEY_UISupportedInterfaceOrientations_iPhone = "UIInterfaceOrientationPortrait UIInterfaceOrientationLandscapeLeft UIInterfaceOrientationLandscapeRight";
				IPHONEOS_DEPLOYMENT_TARGET = 14.0;
				LD_RUNPATH_SEARCH_PATHS = (
					"$(inherited)",
					"@executable_path/Frameworks",
				);
				MARKETING_VERSION = 1.0;
				PRODUCT_BUNDLE_IDENTIFIER = com.app.MyCamera;
				PRODUCT_NAME = "$(TARGET_NAME)";
				SWIFT_EMIT_LOC_STRINGS = YES;
				SWIFT_VERSION = 5.0;
				TARGETED_DEVICE_FAMILY = "1,2";
			};
			name = Debug;
		};
		090944112A5E5DCE006C1F8B /* Release */ = {
			isa = XCBuildConfiguration;
			buildSettings = {
				ASSETCATALOG_COMPILER_APPICON_NAME = AppIcon;
				ASSETCATALOG_COMPILER_GLOBAL_ACCENT_COLOR_NAME = AccentColor;
				CODE_SIGN_STYLE = Automatic;
				CURRENT_PROJECT_VERSION = 1;
				DEVELOPMENT_TEAM = 7S69FZM933;
				GENERATE_INFOPLIST_FILE = YES;
				INFOPLIST_FILE = MyCamera/Info.plist;
				INFOPLIST_KEY_UIApplicationSupportsIndirectInputEvents = YES;
				INFOPLIST_KEY_UILaunchStoryboardName = LaunchScreen;
				INFOPLIST_KEY_UIMainStoryboardFile = Main;
				INFOPLIST_KEY_UISupportedInterfaceOrientations_iPad = "UIInterfaceOrientationPortrait UIInterfaceOrientationPortraitUpsideDown UIInterfaceOrientationLandscapeLeft UIInterfaceOrientationLandscapeRight";
				INFOPLIST_KEY_UISupportedInterfaceOrientations_iPhone = "UIInterfaceOrientationPortrait UIInterfaceOrientationLandscapeLeft UIInterfaceOrientationLandscapeRight";
				IPHONEOS_DEPLOYMENT_TARGET = 14.0;
				LD_RUNPATH_SEARCH_PATHS = (
					"$(inherited)",
					"@executable_path/Frameworks",
				);
				MARKETING_VERSION = 1.0;
				PRODUCT_BUNDLE_IDENTIFIER = com.app.MyCamera;
				PRODUCT_NAME = "$(TARGET_NAME)";
				SWIFT_EMIT_LOC_STRINGS = YES;
				SWIFT_VERSION = 5.0;
				TARGETED_DEVICE_FAMILY = "1,2";
			};
			name = Release;
		};
/* End XCBuildConfiguration section */

/* Begin XCConfigurationList section */
		090943F62A5E5DCD006C1F8B /* Build configuration list for PBXProject "MyCamera" */ = {
			isa = XCConfigurationList;
			buildConfigurations = (
				0909440D2A5E5DCE006C1F8B /* Debug */,
				0909440E2A5E5DCE006C1F8B /* Release */,
			);
			defaultConfigurationIsVisible = 0;
			defaultConfigurationName = Release;
		};
		0909440F2A5E5DCE006C1F8B /* Build configuration list for PBXNativeTarget "MyCamera" */ = {
			isa = XCConfigurationList;
			buildConfigurations = (
				090944102A5E5DCE006C1F8B /* Debug */,
				090944112A5E5DCE006C1F8B /* Release */,
			);
			defaultConfigurationIsVisible = 0;
			defaultConfigurationName = Release;
		};
/* End XCConfigurationList section */
	};
	rootObject = 090943F32A5E5DCD006C1F8B /* Project object */;
}
