// !$*UTF8*$!
{
	archiveVersion = 1;
	classes = {
	};
	objectVersion = 77;
	objects = {

/* Begin PBXBuildFile section */
		09B401112D92792000BD48BD /* AppDelegate.swift in Sources */ = {isa = PBXBuildFile; fileRef = 09B401072D92792000BD48BD /* AppDelegate.swift */; };
		09B401122D92792000BD48BD /* SceneDelegate.swift in Sources */ = {isa = PBXBuildFile; fileRef = 09B4010E2D92792000BD48BD /* SceneDelegate.swift */; };
		09B401132D92792000BD48BD /* ViewController.swift in Sources */ = {isa = PBXBuildFile; fileRef = 09B4010F2D92792000BD48BD /* ViewController.swift */; };
		09B401142D92792000BD48BD /* Assets.xcassets in Resources */ = {isa = PBXBuildFile; fileRef = 09B401082D92792000BD48BD /* Assets.xcassets */; };
		09B401162D92792000BD48BD /* LaunchScreen.storyboard in Resources */ = {isa = PBXBuildFile; fileRef = 09B4010B2D92792000BD48BD /* LaunchScreen.storyboard */; };
		09B401172D92792000BD48BD /* Main.storyboard in Resources */ = {isa = PBXBuildFile; fileRef = 09B4010D2D92792000BD48BD /* Main.storyboard */; };
		09B4011A2D927A8500BD48BD /* ImagePGViewController.xib in Resources */ = {isa = PBXBuildFile; fileRef = 09B401192D927A8500BD48BD /* ImagePGViewController.xib */; };
		09B4011B2D927A8500BD48BD /* ImagePGViewController.swift in Sources */ = {isa = PBXBuildFile; fileRef = 09B401182D927A8500BD48BD /* ImagePGViewController.swift */; };
/* End PBXBuildFile section */

/* Begin PBXFileReference section */
		09B400EF2D92791700BD48BD /* ImagePlaygroundDemo.app */ = {isa = PBXFileReference; explicitFileType = wrapper.application; includeInIndex = 0; path = ImagePlaygroundDemo.app; sourceTree = BUILT_PRODUCTS_DIR; };
		09B401072D92792000BD48BD /* AppDelegate.swift */ = {isa = PBXFileReference; lastKnownFileType = sourcecode.swift; path = AppDelegate.swift; sourceTree = "<group>"; };
		09B401082D92792000BD48BD /* Assets.xcassets */ = {isa = PBXFileReference; lastKnownFileType = folder.assetcatalog; path = Assets.xcassets; sourceTree = "<group>"; };
		09B401092D92792000BD48BD /* Info.plist */ = {isa = PBXFileReference; lastKnownFileType = text.plist.xml; path = Info.plist; sourceTree = "<group>"; };
		09B4010A2D92792000BD48BD /* Base */ = {isa = PBXFileReference; lastKnownFileType = file.storyboard; name = Base; path = Base.lproj/LaunchScreen.storyboard; sourceTree = "<group>"; };
		09B4010C2D92792000BD48BD /* Base */ = {isa = PBXFileReference; lastKnownFileType = file.storyboard; name = Base; path = Base.lproj/Main.storyboard; sourceTree = "<group>"; };
		09B4010E2D92792000BD48BD /* SceneDelegate.swift */ = {isa = PBXFileReference; lastKnownFileType = sourcecode.swift; path = SceneDelegate.swift; sourceTree = "<group>"; };
		09B4010F2D92792000BD48BD /* ViewController.swift */ = {isa = PBXFileReference; lastKnownFileType = sourcecode.swift; path = ViewController.swift; sourceTree = "<group>"; };
		09B401182D927A8500BD48BD /* ImagePGViewController.swift */ = {isa = PBXFileReference; lastKnownFileType = sourcecode.swift; path = ImagePGViewController.swift; sourceTree = "<group>"; };
		09B401192D927A8500BD48BD /* ImagePGViewController.xib */ = {isa = PBXFileReference; lastKnownFileType = file.xib; path = ImagePGViewController.xib; sourceTree = "<group>"; };
/* End PBXFileReference section */

/* Begin PBXFrameworksBuildPhase section */
		09B400EC2D92791700BD48BD /* Frameworks */ = {
			isa = PBXFrameworksBuildPhase;
			buildActionMask = 2147483647;
			files = (
			);
			runOnlyForDeploymentPostprocessing = 0;
		};
/* End PBXFrameworksBuildPhase section */

/* Begin PBXGroup section */
		09B400E62D92791700BD48BD = {
			isa = PBXGroup;
			children = (
				09B401102D92792000BD48BD /* ImagePlaygroundDemo */,
				09B400F02D92791700BD48BD /* Products */,
			);
			sourceTree = "<group>";
		};
		09B400F02D92791700BD48BD /* Products */ = {
			isa = PBXGroup;
			children = (
				09B400EF2D92791700BD48BD /* ImagePlaygroundDemo.app */,
			);
			name = Products;
			sourceTree = "<group>";
		};
		09B401102D92792000BD48BD /* ImagePlaygroundDemo */ = {
			isa = PBXGroup;
			children = (
				09B401072D92792000BD48BD /* AppDelegate.swift */,
				09B401082D92792000BD48BD /* Assets.xcassets */,
				09B401092D92792000BD48BD /* Info.plist */,
				09B4010B2D92792000BD48BD /* LaunchScreen.storyboard */,
				09B4010D2D92792000BD48BD /* Main.storyboard */,
				09B4010E2D92792000BD48BD /* SceneDelegate.swift */,
				09B4010F2D92792000BD48BD /* ViewController.swift */,
				09B401182D927A8500BD48BD /* ImagePGViewController.swift */,
				09B401192D927A8500BD48BD /* ImagePGViewController.xib */,
			);
			path = ImagePlaygroundDemo;
			sourceTree = "<group>";
		};
/* End PBXGroup section */

/* Begin PBXNativeTarget section */
		09B400EE2D92791700BD48BD /* ImagePlaygroundDemo */ = {
			isa = PBXNativeTarget;
			buildConfigurationList = 09B401022D92791800BD48BD /* Build configuration list for PBXNativeTarget "ImagePlaygroundDemo" */;
			buildPhases = (
				09B400EB2D92791700BD48BD /* Sources */,
				09B400EC2D92791700BD48BD /* Frameworks */,
				09B400ED2D92791700BD48BD /* Resources */,
			);
			buildRules = (
			);
			dependencies = (
			);
			name = ImagePlaygroundDemo;
			packageProductDependencies = (
			);
			productName = ImagePlaygroundDemo;
			productReference = 09B400EF2D92791700BD48BD /* ImagePlaygroundDemo.app */;
			productType = "com.apple.product-type.application";
		};
/* End PBXNativeTarget section */

/* Begin PBXProject section */
		09B400E72D92791700BD48BD /* Project object */ = {
			isa = PBXProject;
			attributes = {
				BuildIndependentTargetsInParallel = 1;
				LastSwiftUpdateCheck = 1620;
				LastUpgradeCheck = 1620;
				TargetAttributes = {
					09B400EE2D92791700BD48BD = {
						CreatedOnToolsVersion = 16.2;
					};
				};
			};
			buildConfigurationList = 09B400EA2D92791700BD48BD /* Build configuration list for PBXProject "ImagePlaygroundDemo" */;
			developmentRegion = en;
			hasScannedForEncodings = 0;
			knownRegions = (
				en,
				Base,
			);
			mainGroup = 09B400E62D92791700BD48BD;
			minimizedProjectReferenceProxies = 1;
			preferredProjectObjectVersion = 77;
			productRefGroup = 09B400F02D92791700BD48BD /* Products */;
			projectDirPath = "";
			projectRoot = "";
			targets = (
				09B400EE2D92791700BD48BD /* ImagePlaygroundDemo */,
			);
		};
/* End PBXProject section */

/* Begin PBXResourcesBuildPhase section */
		09B400ED2D92791700BD48BD /* Resources */ = {
			isa = PBXResourcesBuildPhase;
			buildActionMask = 2147483647;
			files = (
				09B401142D92792000BD48BD /* Assets.xcassets in Resources */,
				09B401162D92792000BD48BD /* LaunchScreen.storyboard in Resources */,
				09B401172D92792000BD48BD /* Main.storyboard in Resources */,
				09B4011A2D927A8500BD48BD /* ImagePGViewController.xib in Resources */,
			);
			runOnlyForDeploymentPostprocessing = 0;
		};
/* End PBXResourcesBuildPhase section */

/* Begin PBXSourcesBuildPhase section */
		09B400EB2D92791700BD48BD /* Sources */ = {
			isa = PBXSourcesBuildPhase;
			buildActionMask = 2147483647;
			files = (
				09B401112D92792000BD48BD /* AppDelegate.swift in Sources */,
				09B401122D92792000BD48BD /* SceneDelegate.swift in Sources */,
				09B401132D92792000BD48BD /* ViewController.swift in Sources */,
				09B4011B2D927A8500BD48BD /* ImagePGViewController.swift in Sources */,
			);
			runOnlyForDeploymentPostprocessing = 0;
		};
/* End PBXSourcesBuildPhase section */

/* Begin PBXVariantGroup section */
		09B4010B2D92792000BD48BD /* LaunchScreen.storyboard */ = {
			isa = PBXVariantGroup;
			children = (
				09B4010A2D92792000BD48BD /* Base */,
			);
			name = LaunchScreen.storyboard;
			sourceTree = "<group>";
		};
		09B4010D2D92792000BD48BD /* Main.storyboard */ = {
			isa = PBXVariantGroup;
			children = (
				09B4010C2D92792000BD48BD /* Base */,
			);
			name = Main.storyboard;
			sourceTree = "<group>";
		};
/* End PBXVariantGroup section */

/* Begin XCBuildConfiguration section */
		09B401032D92791800BD48BD /* Debug */ = {
			isa = XCBuildConfiguration;
			buildSettings = {
				ASSETCATALOG_COMPILER_APPICON_NAME = AppIcon;
				ASSETCATALOG_COMPILER_GLOBAL_ACCENT_COLOR_NAME = AccentColor;
				CODE_SIGN_STYLE = Automatic;
				CURRENT_PROJECT_VERSION = 1;
				DEVELOPMENT_TEAM = B883BDMH8Y;
				GENERATE_INFOPLIST_FILE = YES;
				INFOPLIST_FILE = ImagePlaygroundDemo/Info.plist;
				INFOPLIST_KEY_UIApplicationSupportsIndirectInputEvents = YES;
				INFOPLIST_KEY_UILaunchStoryboardName = LaunchScreen;
				INFOPLIST_KEY_UIMainStoryboardFile = Main;
				INFOPLIST_KEY_UISupportedInterfaceOrientations = UIInterfaceOrientationPortrait;
				INFOPLIST_KEY_UISupportedInterfaceOrientations_iPad = "UIInterfaceOrientationPortrait UIInterfaceOrientationPortraitUpsideDown";
				IPHONEOS_DEPLOYMENT_TARGET = 15;
				LD_RUNPATH_SEARCH_PATHS = (
					"$(inherited)",
					"@executable_path/Frameworks",
				);
				MARKETING_VERSION = 1.0;
				PRODUCT_BUNDLE_IDENTIFIER = com.app.ImagePlaygroundDemo1;
				PRODUCT_NAME = "$(TARGET_NAME)";
				SWIFT_EMIT_LOC_STRINGS = YES;
				SWIFT_VERSION = 5.0;
				TARGETED_DEVICE_FAMILY = "1,2";
			};
			name = Debug;
		};
		09B401042D92791800BD48BD /* Release */ = {
			isa = XCBuildConfiguration;
			buildSettings = {
				ASSETCATALOG_COMPILER_APPICON_NAME = AppIcon;
				ASSETCATALOG_COMPILER_GLOBAL_ACCENT_COLOR_NAME = AccentColor;
				CODE_SIGN_STYLE = Automatic;
				CURRENT_PROJECT_VERSION = 1;
				DEVELOPMENT_TEAM = B883BDMH8Y;
				GENERATE_INFOPLIST_FILE = YES;
				INFOPLIST_FILE = ImagePlaygroundDemo/Info.plist;
				INFOPLIST_KEY_UIApplicationSupportsIndirectInputEvents = YES;
				INFOPLIST_KEY_UILaunchStoryboardName = LaunchScreen;
				INFOPLIST_KEY_UIMainStoryboardFile = Main;
				INFOPLIST_KEY_UISupportedInterfaceOrientations = UIInterfaceOrientationPortrait;
				INFOPLIST_KEY_UISupportedInterfaceOrientations_iPad = "UIInterfaceOrientationPortrait UIInterfaceOrientationPortraitUpsideDown";
				IPHONEOS_DEPLOYMENT_TARGET = 15;
				LD_RUNPATH_SEARCH_PATHS = (
					"$(inherited)",
					"@executable_path/Frameworks",
				);
				MARKETING_VERSION = 1.0;
				PRODUCT_BUNDLE_IDENTIFIER = com.app.ImagePlaygroundDemo1;
				PRODUCT_NAME = "$(TARGET_NAME)";
				SWIFT_EMIT_LOC_STRINGS = YES;
				SWIFT_VERSION = 5.0;
				TARGETED_DEVICE_FAMILY = "1,2";
			};
			name = Release;
		};
		09B401052D92791800BD48BD /* Debug */ = {
			isa = XCBuildConfiguration;
			buildSettings = {
				ALWAYS_SEARCH_USER_PATHS = NO;
				ASSETCATALOG_COMPILER_GENERATE_SWIFT_ASSET_SYMBOL_EXTENSIONS = YES;
				CLANG_ANALYZER_NONNULL = YES;
				CLANG_ANALYZER_NUMBER_OBJECT_CONVERSION = YES_AGGRESSIVE;
				CLANG_CXX_LANGUAGE_STANDARD = "gnu++20";
				CLANG_ENABLE_MODULES = YES;
				CLANG_ENABLE_OBJC_ARC = YES;
				CLANG_ENABLE_OBJC_WEAK = YES;
				CLANG_WARN_BLOCK_CAPTURE_AUTORELEASING = YES;
				CLANG_WARN_BOOL_CONVERSION = YES;
				CLANG_WARN_COMMA = YES;
				CLANG_WARN_CONSTANT_CONVERSION = YES;
				CLANG_WARN_DEPRECATED_OBJC_IMPLEMENTATIONS = YES;
				CLANG_WARN_DIRECT_OBJC_ISA_USAGE = YES_ERROR;
				CLANG_WARN_DOCUMENTATION_COMMENTS = YES;
				CLANG_WARN_EMPTY_BODY = YES;
				CLANG_WARN_ENUM_CONVERSION = YES;
				CLANG_WARN_INFINITE_RECURSION = YES;
				CLANG_WARN_INT_CONVERSION = YES;
				CLANG_WARN_NON_LITERAL_NULL_CONVERSION = YES;
				CLANG_WARN_OBJC_IMPLICIT_RETAIN_SELF = YES;
				CLANG_WARN_OBJC_LITERAL_CONVERSION = YES;
				CLANG_WARN_OBJC_ROOT_CLASS = YES_ERROR;
				CLANG_WARN_QUOTED_INCLUDE_IN_FRAMEWORK_HEADER = YES;
				CLANG_WARN_RANGE_LOOP_ANALYSIS = YES;
				CLANG_WARN_STRICT_PROTOTYPES = YES;
				CLANG_WARN_SUSPICIOUS_MOVE = YES;
				CLANG_WARN_UNGUARDED_AVAILABILITY = YES_AGGRESSIVE;
				CLANG_WARN_UNREACHABLE_CODE = YES;
				CLANG_WARN__DUPLICATE_METHOD_MATCH = YES;
				COPY_PHASE_STRIP = NO;
				DEBUG_INFORMATION_FORMAT = dwarf;
				ENABLE_STRICT_OBJC_MSGSEND = YES;
				ENABLE_TESTABILITY = YES;
				ENABLE_USER_SCRIPT_SANDBOXING = YES;
				GCC_C_LANGUAGE_STANDARD = gnu17;
				GCC_DYNAMIC_NO_PIC = NO;
				GCC_NO_COMMON_BLOCKS = YES;
				GCC_OPTIMIZATION_LEVEL = 0;
				GCC_PREPROCESSOR_DEFINITIONS = (
					"DEBUG=1",
					"$(inherited)",
				);
				GCC_WARN_64_TO_32_BIT_CONVERSION = YES;
				GCC_WARN_ABOUT_RETURN_TYPE = YES_ERROR;
				GCC_WARN_UNDECLARED_SELECTOR = YES;
				GCC_WARN_UNINITIALIZED_AUTOS = YES_AGGRESSIVE;
				GCC_WARN_UNUSED_FUNCTION = YES;
				GCC_WARN_UNUSED_VARIABLE = YES;
				IPHONEOS_DEPLOYMENT_TARGET = 18.2;
				LOCALIZATION_PREFERS_STRING_CATALOGS = YES;
				MTL_ENABLE_DEBUG_INFO = INCLUDE_SOURCE;
				MTL_FAST_MATH = YES;
				ONLY_ACTIVE_ARCH = YES;
				SDKROOT = iphoneos;
				SWIFT_ACTIVE_COMPILATION_CONDITIONS = "DEBUG $(inherited)";
				SWIFT_OPTIMIZATION_LEVEL = "-Onone";
			};
			name = Debug;
		};
		09B401062D92791800BD48BD /* Release */ = {
			isa = XCBuildConfiguration;
			buildSettings = {
				ALWAYS_SEARCH_USER_PATHS = NO;
				ASSETCATALOG_COMPILER_GENERATE_SWIFT_ASSET_SYMBOL_EXTENSIONS = YES;
				CLANG_ANALYZER_NONNULL = YES;
				CLANG_ANALYZER_NUMBER_OBJECT_CONVERSION = YES_AGGRESSIVE;
				CLANG_CXX_LANGUAGE_STANDARD = "gnu++20";
				CLANG_ENABLE_MODULES = YES;
				CLANG_ENABLE_OBJC_ARC = YES;
				CLANG_ENABLE_OBJC_WEAK = YES;
				CLANG_WARN_BLOCK_CAPTURE_AUTORELEASING = YES;
				CLANG_WARN_BOOL_CONVERSION = YES;
				CLANG_WARN_COMMA = YES;
				CLANG_WARN_CONSTANT_CONVERSION = YES;
				CLANG_WARN_DEPRECATED_OBJC_IMPLEMENTATIONS = YES;
				CLANG_WARN_DIRECT_OBJC_ISA_USAGE = YES_ERROR;
				CLANG_WARN_DOCUMENTATION_COMMENTS = YES;
				CLANG_WARN_EMPTY_BODY = YES;
				CLANG_WARN_ENUM_CONVERSION = YES;
				CLANG_WARN_INFINITE_RECURSION = YES;
				CLANG_WARN_INT_CONVERSION = YES;
				CLANG_WARN_NON_LITERAL_NULL_CONVERSION = YES;
				CLANG_WARN_OBJC_IMPLICIT_RETAIN_SELF = YES;
				CLANG_WARN_OBJC_LITERAL_CONVERSION = YES;
				CLANG_WARN_OBJC_ROOT_CLASS = YES_ERROR;
				CLANG_WARN_QUOTED_INCLUDE_IN_FRAMEWORK_HEADER = YES;
				CLANG_WARN_RANGE_LOOP_ANALYSIS = YES;
				CLANG_WARN_STRICT_PROTOTYPES = YES;
				CLANG_WARN_SUSPICIOUS_MOVE = YES;
				CLANG_WARN_UNGUARDED_AVAILABILITY = YES_AGGRESSIVE;
				CLANG_WARN_UNREACHABLE_CODE = YES;
				CLANG_WARN__DUPLICATE_METHOD_MATCH = YES;
				COPY_PHASE_STRIP = NO;
				DEBUG_INFORMATION_FORMAT = "dwarf-with-dsym";
				ENABLE_NS_ASSERTIONS = NO;
				ENABLE_STRICT_OBJC_MSGSEND = YES;
				ENABLE_USER_SCRIPT_SANDBOXING = YES;
				GCC_C_LANGUAGE_STANDARD = gnu17;
				GCC_NO_COMMON_BLOCKS = YES;
				GCC_WARN_64_TO_32_BIT_CONVERSION = YES;
				GCC_WARN_ABOUT_RETURN_TYPE = YES_ERROR;
				GCC_WARN_UNDECLARED_SELECTOR = YES;
				GCC_WARN_UNINITIALIZED_AUTOS = YES_AGGRESSIVE;
				GCC_WARN_UNUSED_FUNCTION = YES;
				GCC_WARN_UNUSED_VARIABLE = YES;
				IPHONEOS_DEPLOYMENT_TARGET = 18.2;
				LOCALIZATION_PREFERS_STRING_CATALOGS = YES;
				MTL_ENABLE_DEBUG_INFO = NO;
				MTL_FAST_MATH = YES;
				SDKROOT = iphoneos;
				SWIFT_COMPILATION_MODE = wholemodule;
				VALIDATE_PRODUCT = YES;
			};
			name = Release;
		};
/* End XCBuildConfiguration section */

/* Begin XCConfigurationList section */
		09B400EA2D92791700BD48BD /* Build configuration list for PBXProject "ImagePlaygroundDemo" */ = {
			isa = XCConfigurationList;
			buildConfigurations = (
				09B401052D92791800BD48BD /* Debug */,
				09B401062D92791800BD48BD /* Release */,
			);
			defaultConfigurationIsVisible = 0;
			defaultConfigurationName = Release;
		};
		09B401022D92791800BD48BD /* Build configuration list for PBXNativeTarget "ImagePlaygroundDemo" */ = {
			isa = XCConfigurationList;
			buildConfigurations = (
				09B401032D92791800BD48BD /* Debug */,
				09B401042D92791800BD48BD /* Release */,
			);
			defaultConfigurationIsVisible = 0;
			defaultConfigurationName = Release;
		};
/* End XCConfigurationList section */
	};
	rootObject = 09B400E72D92791700BD48BD /* Project object */;
}
