PODS:
  - Alamofire (5.7.1)
  - MBProgressHUD (1.2.0)
  - PowerplayToastKit (1.1.0):
    - SnapKit
  - ReachabilitySwift (5.0.0)
  - SnapKit (5.6.0)
  - TagListView (1.4.1)
  - Toast (4.0.0)
  - TTGTagCollectionView (2.4.2)
  - Vivid (0.9)
  - YUCIHighPassSkinSmoothing (1.4):
    - Vivid
  - ZLImageEditor (1.2.1):
    - ZLImageEditor/Core (= 1.2.1)
  - ZLImageEditor/Core (1.2.1)

DEPENDENCIES:
  - Alamofire (= 5.7.1)
  - MBProgressHUD (= 1.2.0)
  - PowerplayToastKit
  - ReachabilitySwift (= 5.0.0)
  - TagListView
  - Toast (= 4.0.0)
  - TTGTagCollectionView
  - YUCIHighPassSkinSmoothing (= 1.4)
  - ZLImageEditor

SPEC REPOS:
  trunk:
    - Alamofire
    - MBProgressHUD
    - PowerplayToastKit
    - ReachabilitySwift
    - SnapKit
    - TagListView
    - Toast
    - TTGTagCollectionView
    - Vivid
    - YUCIHighPassSkinSmoothing
    - ZLImageEditor

SPEC CHECKSUMS:
  Alamofire: 0123a34370cb170936ae79a8df46cc62b2edeb88
  MBProgressHUD: 3ee5efcc380f6a79a7cc9b363dd669c5e1ae7406
  PowerplayToastKit: 1a9c1549af3d24462939dadd6fc77f0b30ef7919
  ReachabilitySwift: 985039c6f7b23a1da463388634119492ff86c825
  SnapKit: e01d52ebb8ddbc333eefe2132acf85c8227d9c25
  TagListView: a1c236d17960a0cf64156725a76ce6d73ebce2be
  Toast: 91b396c56ee72a5790816f40d3a94dd357abc196
  TTGTagCollectionView: 0d4625aaf7ee3ad755c39d549368a4ce69bd17d1
  Vivid: 0fde7409beac71224deb151dd78f98a5bb860497
  YUCIHighPassSkinSmoothing: 8418fd1bf605ec22b647c57745b863b352f72097
  ZLImageEditor: df1cd2f84aa2a38ad4d76bdcc34538be6c3a7e73

PODFILE CHECKSUM: 8711f2210fa52c6cd90a4af2ebeb105d703ca18d

COCOAPODS: 1.15.2
