// !$*UTF8*$!
{
	archiveVersion = 1;
	classes = {
	};
	objectVersion = 56;
	objects = {

/* Begin PBXBuildFile section */
		091CE27D2B47A5ED00204E23 /* TagViewController.swift in Sources */ = {isa = PBXBuildFile; fileRef = 091CE27B2B47A5ED00204E23 /* TagViewController.swift */; };
		091CE27E2B47A5ED00204E23 /* TagViewController.xib in Resources */ = {isa = PBXBuildFile; fileRef = 091CE27C2B47A5ED00204E23 /* TagViewController.xib */; };
		091F5B1E2B32EBF80092FD6E /* ToastConfiguration.swift in Sources */ = {isa = PBXBuildFile; fileRef = 091F5B0D2B32EBF80092FD6E /* ToastConfiguration.swift */; };
		091F5B1F2B32EBF80092FD6E /* ToastDelegate.swift in Sources */ = {isa = PBXBuildFile; fileRef = 091F5B0E2B32EBF80092FD6E /* ToastDelegate.swift */; };
		091F5B202B32EBF80092FD6E /* MulticastDelegate.swift in Sources */ = {isa = PBXBuildFile; fileRef = 091F5B0F2B32EBF80092FD6E /* MulticastDelegate.swift */; };
		091F5B212B32EBF80092FD6E /* ToastView.swift in Sources */ = {isa = PBXBuildFile; fileRef = 091F5B112B32EBF80092FD6E /* ToastView.swift */; };
		091F5B222B32EBF80092FD6E /* AppleToastView.swift in Sources */ = {isa = PBXBuildFile; fileRef = 091F5B132B32EBF80092FD6E /* AppleToastView.swift */; };
		091F5B232B32EBF80092FD6E /* TextAppleToastView.swift in Sources */ = {isa = PBXBuildFile; fileRef = 091F5B142B32EBF80092FD6E /* TextAppleToastView.swift */; };
		091F5B242B32EBF80092FD6E /* IconAppleToastView.swift in Sources */ = {isa = PBXBuildFile; fileRef = 091F5B152B32EBF80092FD6E /* IconAppleToastView.swift */; };
		091F5B252B32EBF80092FD6E /* ToastHelper.swift in Sources */ = {isa = PBXBuildFile; fileRef = 091F5B162B32EBF80092FD6E /* ToastHelper.swift */; };
		091F5B262B32EBF80092FD6E /* ToastViewConfiguration.swift in Sources */ = {isa = PBXBuildFile; fileRef = 091F5B172B32EBF80092FD6E /* ToastViewConfiguration.swift */; };
		091F5B272B32EBF80092FD6E /* ToastQueueDelegate.swift in Sources */ = {isa = PBXBuildFile; fileRef = 091F5B192B32EBF80092FD6E /* ToastQueueDelegate.swift */; };
		091F5B282B32EBF80092FD6E /* ToastQueue.swift in Sources */ = {isa = PBXBuildFile; fileRef = 091F5B1A2B32EBF80092FD6E /* ToastQueue.swift */; };
		091F5B292B32EBF80092FD6E /* AnimationType.swift in Sources */ = {isa = PBXBuildFile; fileRef = 091F5B1B2B32EBF80092FD6E /* AnimationType.swift */; };
		091F5B2A2B32EBF80092FD6E /* Toast.swift in Sources */ = {isa = PBXBuildFile; fileRef = 091F5B1C2B32EBF80092FD6E /* Toast.swift */; };
		091F5B2B2B32EBF80092FD6E /* Direction.swift in Sources */ = {isa = PBXBuildFile; fileRef = 091F5B1D2B32EBF80092FD6E /* Direction.swift */; };
		097841382B8DD0EA00CFEB4F /* ColorButton.swift in Sources */ = {isa = PBXBuildFile; fileRef = 097841372B8DD0EA00CFEB4F /* ColorButton.swift */; };
		097841522B8F372400CFEB4F /* ImageCropperConfiguration.swift in Sources */ = {isa = PBXBuildFile; fileRef = 097841472B8F372400CFEB4F /* ImageCropperConfiguration.swift */; };
		097841542B8F372400CFEB4F /* ImageCropperConfigurator.swift in Sources */ = {isa = PBXBuildFile; fileRef = 097841492B8F372400CFEB4F /* ImageCropperConfigurator.swift */; };
		097841552B8F372400CFEB4F /* ImageCropperModel.swift in Sources */ = {isa = PBXBuildFile; fileRef = 0978414A2B8F372400CFEB4F /* ImageCropperModel.swift */; };
		097841562B8F372400CFEB4F /* ImageCropperViewController.swift in Sources */ = {isa = PBXBuildFile; fileRef = 0978414B2B8F372400CFEB4F /* ImageCropperViewController.swift */; };
		097841572B8F372400CFEB4F /* ImageCropperPresenter.swift in Sources */ = {isa = PBXBuildFile; fileRef = 0978414C2B8F372400CFEB4F /* ImageCropperPresenter.swift */; };
		097841582B8F372400CFEB4F /* ImageCropper.xib in Resources */ = {isa = PBXBuildFile; fileRef = 0978414D2B8F372400CFEB4F /* ImageCropper.xib */; };
		097841592B8F372400CFEB4F /* UIImage+NormalizeOrientation.swift in Sources */ = {isa = PBXBuildFile; fileRef = 0978414E2B8F372400CFEB4F /* UIImage+NormalizeOrientation.swift */; };
		0978415A2B8F372400CFEB4F /* ImageCropperRouter.swift in Sources */ = {isa = PBXBuildFile; fileRef = 0978414F2B8F372400CFEB4F /* ImageCropperRouter.swift */; };
		097841612B91C26300CFEB4F /* Photo.swift in Sources */ = {isa = PBXBuildFile; fileRef = 097841602B91C26300CFEB4F /* Photo.swift */; };
		098CDD6B2B9ED6B10051408B /* ImageCropView.xib in Resources */ = {isa = PBXBuildFile; fileRef = 098CDD692B9ED6B10051408B /* ImageCropView.xib */; };
		098CDD6C2B9ED6B10051408B /* ImageCropView.swift in Sources */ = {isa = PBXBuildFile; fileRef = 098CDD6A2B9ED6B10051408B /* ImageCropView.swift */; };
		098CDD6F2B9ED71F0051408B /* ImageCropViewController.swift in Sources */ = {isa = PBXBuildFile; fileRef = 098CDD6D2B9ED71F0051408B /* ImageCropViewController.swift */; };
		098CDD702B9ED71F0051408B /* ImageCropViewController.xib in Resources */ = {isa = PBXBuildFile; fileRef = 098CDD6E2B9ED71F0051408B /* ImageCropViewController.xib */; };
		09B20CBF2B4E263900055509 /* TagsView.swift in Sources */ = {isa = PBXBuildFile; fileRef = 09B20CBE2B4E263900055509 /* TagsView.swift */; };
		09B485AD2A9F15CC008E08DD /* ScanAnimationViewController.swift in Sources */ = {isa = PBXBuildFile; fileRef = 09B485AB2A9F15CC008E08DD /* ScanAnimationViewController.swift */; };
		09B485AE2A9F15CC008E08DD /* ScanAnimationViewController.xib in Resources */ = {isa = PBXBuildFile; fileRef = 09B485AC2A9F15CC008E08DD /* ScanAnimationViewController.xib */; };
		09B485B02A9F1630008E08DD /* FaceScanAnimationView.swift in Sources */ = {isa = PBXBuildFile; fileRef = 09B485AF2A9F1630008E08DD /* FaceScanAnimationView.swift */; };
		09B485B22A9F1C24008E08DD /* ScanningLineView.swift in Sources */ = {isa = PBXBuildFile; fileRef = 09B485B12A9F1C24008E08DD /* ScanningLineView.swift */; };
		09D36B972A5D42CB0096C6EC /* CollectionViewController.swift in Sources */ = {isa = PBXBuildFile; fileRef = 09D36B952A5D42CB0096C6EC /* CollectionViewController.swift */; };
		09D36B982A5D42CB0096C6EC /* CollectionViewController.xib in Resources */ = {isa = PBXBuildFile; fileRef = 09D36B962A5D42CB0096C6EC /* CollectionViewController.xib */; };
		09D36B9D2A5D51260096C6EC /* CollectionViewCell.swift in Sources */ = {isa = PBXBuildFile; fileRef = 09D36B9B2A5D51260096C6EC /* CollectionViewCell.swift */; };
		09D36B9E2A5D51260096C6EC /* CollectionViewCell.xib in Resources */ = {isa = PBXBuildFile; fileRef = 09D36B9C2A5D51260096C6EC /* CollectionViewCell.xib */; };
		09D36BA02A5D54840096C6EC /* HttpRequest.swift in Sources */ = {isa = PBXBuildFile; fileRef = 09D36B9F2A5D54840096C6EC /* HttpRequest.swift */; };
		09D36BA22A5D549B0096C6EC /* Tool.swift in Sources */ = {isa = PBXBuildFile; fileRef = 09D36BA12A5D549B0096C6EC /* Tool.swift */; };
		09D3DCE22B88887D0076DBAB /* ColorSelector.swift in Sources */ = {isa = PBXBuildFile; fileRef = 09D3DCE12B88887D0076DBAB /* ColorSelector.swift */; };
		09DAE3932A5D055E00B77060 /* AppDelegate.swift in Sources */ = {isa = PBXBuildFile; fileRef = 09DAE3922A5D055E00B77060 /* AppDelegate.swift */; };
		09DAE3952A5D055E00B77060 /* SceneDelegate.swift in Sources */ = {isa = PBXBuildFile; fileRef = 09DAE3942A5D055E00B77060 /* SceneDelegate.swift */; };
		09DAE39A2A5D055E00B77060 /* Main.storyboard in Resources */ = {isa = PBXBuildFile; fileRef = 09DAE3982A5D055E00B77060 /* Main.storyboard */; };
		09DAE39D2A5D055E00B77060 /* SwiftDemo.xcdatamodeld in Sources */ = {isa = PBXBuildFile; fileRef = 09DAE39B2A5D055E00B77060 /* SwiftDemo.xcdatamodeld */; };
		09DAE39F2A5D055F00B77060 /* Assets.xcassets in Resources */ = {isa = PBXBuildFile; fileRef = 09DAE39E2A5D055F00B77060 /* Assets.xcassets */; };
		09DAE3A22A5D055F00B77060 /* LaunchScreen.storyboard in Resources */ = {isa = PBXBuildFile; fileRef = 09DAE3A02A5D055F00B77060 /* LaunchScreen.storyboard */; };
		09DAE3AA2A5D20F900B77060 /* HomeTableViewController.swift in Sources */ = {isa = PBXBuildFile; fileRef = 09DAE3A92A5D20F900B77060 /* HomeTableViewController.swift */; };
		09DAE3AD2A5D248900B77060 /* AutoLayoutViewController.swift in Sources */ = {isa = PBXBuildFile; fileRef = 09DAE3AB2A5D248900B77060 /* AutoLayoutViewController.swift */; };
		09DAE3AE2A5D248900B77060 /* AutoLayoutViewController.xib in Resources */ = {isa = PBXBuildFile; fileRef = 09DAE3AC2A5D248900B77060 /* AutoLayoutViewController.xib */; };
		09E091C42B85D84A001FF11D /* ImageProcessor.swift in Sources */ = {isa = PBXBuildFile; fileRef = 09E091C32B85D84A001FF11D /* ImageProcessor.swift */; };
		09E091C62B85D85A001FF11D /* DeepLabV3.mlmodel in Sources */ = {isa = PBXBuildFile; fileRef = 09E091C52B85D85A001FF11D /* DeepLabV3.mlmodel */; };
		09E091C92B85D895001FF11D /* ImageProcessorViewController.swift in Sources */ = {isa = PBXBuildFile; fileRef = 09E091C72B85D895001FF11D /* ImageProcessorViewController.swift */; };
		09E091CA2B85D895001FF11D /* ImageProcessorViewController.xib in Resources */ = {isa = PBXBuildFile; fileRef = 09E091C82B85D895001FF11D /* ImageProcessorViewController.xib */; };
		09E091DD2B85D93E001FF11D /* Array+Extensions.swift in Sources */ = {isa = PBXBuildFile; fileRef = 09E091CC2B85D93E001FF11D /* Array+Extensions.swift */; };
		09E091DE2B85D93E001FF11D /* Math.swift in Sources */ = {isa = PBXBuildFile; fileRef = 09E091CD2B85D93E001FF11D /* Math.swift */; };
		09E091DF2B85D93E001FF11D /* UIImage+CVPixelBuffer.swift in Sources */ = {isa = PBXBuildFile; fileRef = 09E091CE2B85D93E001FF11D /* UIImage+CVPixelBuffer.swift */; };
		09E091E02B85D93E001FF11D /* Predictions.swift in Sources */ = {isa = PBXBuildFile; fileRef = 09E091CF2B85D93E001FF11D /* Predictions.swift */; };
		09E091E12B85D93E001FF11D /* UIImage+Extensions.swift in Sources */ = {isa = PBXBuildFile; fileRef = 09E091D02B85D93E001FF11D /* UIImage+Extensions.swift */; };
		09E091E22B85D93E001FF11D /* CGImagePropertyOrientation.swift in Sources */ = {isa = PBXBuildFile; fileRef = 09E091D12B85D93E001FF11D /* CGImagePropertyOrientation.swift */; };
		09E091E32B85D93E001FF11D /* UIImage+RawBytes.swift in Sources */ = {isa = PBXBuildFile; fileRef = 09E091D22B85D93E001FF11D /* UIImage+RawBytes.swift */; };
		09E091E42B85D93E001FF11D /* MLMultiArray+Helpers.swift in Sources */ = {isa = PBXBuildFile; fileRef = 09E091D32B85D93E001FF11D /* MLMultiArray+Helpers.swift */; };
		09E091E52B85D93E001FF11D /* MLModel+Images.swift in Sources */ = {isa = PBXBuildFile; fileRef = 09E091D42B85D93E001FF11D /* MLModel+Images.swift */; };
		09E091E62B85D93E001FF11D /* CoreML+Combine.swift in Sources */ = {isa = PBXBuildFile; fileRef = 09E091D52B85D93E001FF11D /* CoreML+Combine.swift */; };
		09E091E72B85D93E001FF11D /* CVPixelBuffer+Create.swift in Sources */ = {isa = PBXBuildFile; fileRef = 09E091D62B85D93E001FF11D /* CVPixelBuffer+Create.swift */; };
		09E091E82B85D93E001FF11D /* CGImage+CVPixelBuffer.swift in Sources */ = {isa = PBXBuildFile; fileRef = 09E091D72B85D93E001FF11D /* CGImage+CVPixelBuffer.swift */; };
		09E091E92B85D93E001FF11D /* NonMaxSuppression.swift in Sources */ = {isa = PBXBuildFile; fileRef = 09E091D82B85D93E001FF11D /* NonMaxSuppression.swift */; };
		09E091EA2B85D93E001FF11D /* CGImage+RawBytes.swift in Sources */ = {isa = PBXBuildFile; fileRef = 09E091D92B85D93E001FF11D /* CGImage+RawBytes.swift */; };
		09E091EB2B85D93E001FF11D /* MLMultiArray+Image.swift in Sources */ = {isa = PBXBuildFile; fileRef = 09E091DA2B85D93E001FF11D /* MLMultiArray+Image.swift */; };
		09E091EC2B85D93E001FF11D /* CVPixelBuffer+Resize.swift in Sources */ = {isa = PBXBuildFile; fileRef = 09E091DB2B85D93E001FF11D /* CVPixelBuffer+Resize.swift */; };
		09E091ED2B85D93E001FF11D /* CVPixelBuffer+Rotate.swift in Sources */ = {isa = PBXBuildFile; fileRef = 09E091DC2B85D93E001FF11D /* CVPixelBuffer+Rotate.swift */; };
		74979223C0CC5BC3B343E517 /* Pods_SwiftDemo.framework in Frameworks */ = {isa = PBXBuildFile; fileRef = 728D38DCCCFFDCFA9B396010 /* Pods_SwiftDemo.framework */; };
/* End PBXBuildFile section */

/* Begin PBXFileReference section */
		091CE27B2B47A5ED00204E23 /* TagViewController.swift */ = {isa = PBXFileReference; lastKnownFileType = sourcecode.swift; path = TagViewController.swift; sourceTree = "<group>"; };
		091CE27C2B47A5ED00204E23 /* TagViewController.xib */ = {isa = PBXFileReference; lastKnownFileType = file.xib; path = TagViewController.xib; sourceTree = "<group>"; };
		091F5B0D2B32EBF80092FD6E /* ToastConfiguration.swift */ = {isa = PBXFileReference; fileEncoding = 4; lastKnownFileType = sourcecode.swift; path = ToastConfiguration.swift; sourceTree = "<group>"; };
		091F5B0E2B32EBF80092FD6E /* ToastDelegate.swift */ = {isa = PBXFileReference; fileEncoding = 4; lastKnownFileType = sourcecode.swift; path = ToastDelegate.swift; sourceTree = "<group>"; };
		091F5B0F2B32EBF80092FD6E /* MulticastDelegate.swift */ = {isa = PBXFileReference; fileEncoding = 4; lastKnownFileType = sourcecode.swift; path = MulticastDelegate.swift; sourceTree = "<group>"; };
		091F5B112B32EBF80092FD6E /* ToastView.swift */ = {isa = PBXFileReference; fileEncoding = 4; lastKnownFileType = sourcecode.swift; path = ToastView.swift; sourceTree = "<group>"; };
		091F5B132B32EBF80092FD6E /* AppleToastView.swift */ = {isa = PBXFileReference; fileEncoding = 4; lastKnownFileType = sourcecode.swift; path = AppleToastView.swift; sourceTree = "<group>"; };
		091F5B142B32EBF80092FD6E /* TextAppleToastView.swift */ = {isa = PBXFileReference; fileEncoding = 4; lastKnownFileType = sourcecode.swift; path = TextAppleToastView.swift; sourceTree = "<group>"; };
		091F5B152B32EBF80092FD6E /* IconAppleToastView.swift */ = {isa = PBXFileReference; fileEncoding = 4; lastKnownFileType = sourcecode.swift; path = IconAppleToastView.swift; sourceTree = "<group>"; };
		091F5B162B32EBF80092FD6E /* ToastHelper.swift */ = {isa = PBXFileReference; fileEncoding = 4; lastKnownFileType = sourcecode.swift; path = ToastHelper.swift; sourceTree = "<group>"; };
		091F5B172B32EBF80092FD6E /* ToastViewConfiguration.swift */ = {isa = PBXFileReference; fileEncoding = 4; lastKnownFileType = sourcecode.swift; path = ToastViewConfiguration.swift; sourceTree = "<group>"; };
		091F5B192B32EBF80092FD6E /* ToastQueueDelegate.swift */ = {isa = PBXFileReference; fileEncoding = 4; lastKnownFileType = sourcecode.swift; path = ToastQueueDelegate.swift; sourceTree = "<group>"; };
		091F5B1A2B32EBF80092FD6E /* ToastQueue.swift */ = {isa = PBXFileReference; fileEncoding = 4; lastKnownFileType = sourcecode.swift; path = ToastQueue.swift; sourceTree = "<group>"; };
		091F5B1B2B32EBF80092FD6E /* AnimationType.swift */ = {isa = PBXFileReference; fileEncoding = 4; lastKnownFileType = sourcecode.swift; path = AnimationType.swift; sourceTree = "<group>"; };
		091F5B1C2B32EBF80092FD6E /* Toast.swift */ = {isa = PBXFileReference; fileEncoding = 4; lastKnownFileType = sourcecode.swift; path = Toast.swift; sourceTree = "<group>"; };
		091F5B1D2B32EBF80092FD6E /* Direction.swift */ = {isa = PBXFileReference; fileEncoding = 4; lastKnownFileType = sourcecode.swift; path = Direction.swift; sourceTree = "<group>"; };
		097841372B8DD0EA00CFEB4F /* ColorButton.swift */ = {isa = PBXFileReference; lastKnownFileType = sourcecode.swift; path = ColorButton.swift; sourceTree = "<group>"; };
		097841472B8F372400CFEB4F /* ImageCropperConfiguration.swift */ = {isa = PBXFileReference; fileEncoding = 4; lastKnownFileType = sourcecode.swift; path = ImageCropperConfiguration.swift; sourceTree = "<group>"; };
		097841492B8F372400CFEB4F /* ImageCropperConfigurator.swift */ = {isa = PBXFileReference; fileEncoding = 4; lastKnownFileType = sourcecode.swift; path = ImageCropperConfigurator.swift; sourceTree = "<group>"; };
		0978414A2B8F372400CFEB4F /* ImageCropperModel.swift */ = {isa = PBXFileReference; fileEncoding = 4; lastKnownFileType = sourcecode.swift; path = ImageCropperModel.swift; sourceTree = "<group>"; };
		0978414B2B8F372400CFEB4F /* ImageCropperViewController.swift */ = {isa = PBXFileReference; fileEncoding = 4; lastKnownFileType = sourcecode.swift; path = ImageCropperViewController.swift; sourceTree = "<group>"; };
		0978414C2B8F372400CFEB4F /* ImageCropperPresenter.swift */ = {isa = PBXFileReference; fileEncoding = 4; lastKnownFileType = sourcecode.swift; path = ImageCropperPresenter.swift; sourceTree = "<group>"; };
		0978414D2B8F372400CFEB4F /* ImageCropper.xib */ = {isa = PBXFileReference; fileEncoding = 4; lastKnownFileType = file.xib; path = ImageCropper.xib; sourceTree = "<group>"; };
		0978414E2B8F372400CFEB4F /* UIImage+NormalizeOrientation.swift */ = {isa = PBXFileReference; fileEncoding = 4; lastKnownFileType = sourcecode.swift; path = "UIImage+NormalizeOrientation.swift"; sourceTree = "<group>"; };
		0978414F2B8F372400CFEB4F /* ImageCropperRouter.swift */ = {isa = PBXFileReference; fileEncoding = 4; lastKnownFileType = sourcecode.swift; path = ImageCropperRouter.swift; sourceTree = "<group>"; };
		097841602B91C26300CFEB4F /* Photo.swift */ = {isa = PBXFileReference; lastKnownFileType = sourcecode.swift; path = Photo.swift; sourceTree = "<group>"; };
		098CDD692B9ED6B10051408B /* ImageCropView.xib */ = {isa = PBXFileReference; fileEncoding = 4; lastKnownFileType = file.xib; path = ImageCropView.xib; sourceTree = "<group>"; };
		098CDD6A2B9ED6B10051408B /* ImageCropView.swift */ = {isa = PBXFileReference; fileEncoding = 4; lastKnownFileType = sourcecode.swift; path = ImageCropView.swift; sourceTree = "<group>"; };
		098CDD6D2B9ED71F0051408B /* ImageCropViewController.swift */ = {isa = PBXFileReference; lastKnownFileType = sourcecode.swift; path = ImageCropViewController.swift; sourceTree = "<group>"; };
		098CDD6E2B9ED71F0051408B /* ImageCropViewController.xib */ = {isa = PBXFileReference; lastKnownFileType = file.xib; path = ImageCropViewController.xib; sourceTree = "<group>"; };
		09B20CBE2B4E263900055509 /* TagsView.swift */ = {isa = PBXFileReference; fileEncoding = 4; lastKnownFileType = sourcecode.swift; path = TagsView.swift; sourceTree = "<group>"; };
		09B485AB2A9F15CC008E08DD /* ScanAnimationViewController.swift */ = {isa = PBXFileReference; lastKnownFileType = sourcecode.swift; path = ScanAnimationViewController.swift; sourceTree = "<group>"; };
		09B485AC2A9F15CC008E08DD /* ScanAnimationViewController.xib */ = {isa = PBXFileReference; lastKnownFileType = file.xib; path = ScanAnimationViewController.xib; sourceTree = "<group>"; };
		09B485AF2A9F1630008E08DD /* FaceScanAnimationView.swift */ = {isa = PBXFileReference; lastKnownFileType = sourcecode.swift; path = FaceScanAnimationView.swift; sourceTree = "<group>"; };
		09B485B12A9F1C24008E08DD /* ScanningLineView.swift */ = {isa = PBXFileReference; lastKnownFileType = sourcecode.swift; path = ScanningLineView.swift; sourceTree = "<group>"; };
		09D36B952A5D42CB0096C6EC /* CollectionViewController.swift */ = {isa = PBXFileReference; lastKnownFileType = sourcecode.swift; path = CollectionViewController.swift; sourceTree = "<group>"; };
		09D36B962A5D42CB0096C6EC /* CollectionViewController.xib */ = {isa = PBXFileReference; lastKnownFileType = file.xib; path = CollectionViewController.xib; sourceTree = "<group>"; };
		09D36B9B2A5D51260096C6EC /* CollectionViewCell.swift */ = {isa = PBXFileReference; lastKnownFileType = sourcecode.swift; path = CollectionViewCell.swift; sourceTree = "<group>"; };
		09D36B9C2A5D51260096C6EC /* CollectionViewCell.xib */ = {isa = PBXFileReference; lastKnownFileType = file.xib; path = CollectionViewCell.xib; sourceTree = "<group>"; };
		09D36B9F2A5D54840096C6EC /* HttpRequest.swift */ = {isa = PBXFileReference; fileEncoding = 4; lastKnownFileType = sourcecode.swift; path = HttpRequest.swift; sourceTree = "<group>"; };
		09D36BA12A5D549B0096C6EC /* Tool.swift */ = {isa = PBXFileReference; fileEncoding = 4; lastKnownFileType = sourcecode.swift; path = Tool.swift; sourceTree = "<group>"; };
		09D36BA32A5D55B40096C6EC /* SwiftDemo-Bridging-Header.h */ = {isa = PBXFileReference; lastKnownFileType = sourcecode.c.h; path = "SwiftDemo-Bridging-Header.h"; sourceTree = "<group>"; };
		09D3DCE12B88887D0076DBAB /* ColorSelector.swift */ = {isa = PBXFileReference; lastKnownFileType = sourcecode.swift; path = ColorSelector.swift; sourceTree = "<group>"; };
		09DAE38F2A5D055E00B77060 /* SwiftDemo.app */ = {isa = PBXFileReference; explicitFileType = wrapper.application; includeInIndex = 0; path = SwiftDemo.app; sourceTree = BUILT_PRODUCTS_DIR; };
		09DAE3922A5D055E00B77060 /* AppDelegate.swift */ = {isa = PBXFileReference; lastKnownFileType = sourcecode.swift; path = AppDelegate.swift; sourceTree = "<group>"; };
		09DAE3942A5D055E00B77060 /* SceneDelegate.swift */ = {isa = PBXFileReference; lastKnownFileType = sourcecode.swift; path = SceneDelegate.swift; sourceTree = "<group>"; };
		09DAE3992A5D055E00B77060 /* Base */ = {isa = PBXFileReference; lastKnownFileType = file.storyboard; name = Base; path = Base.lproj/Main.storyboard; sourceTree = "<group>"; };
		09DAE39C2A5D055E00B77060 /* SwiftDemo.xcdatamodel */ = {isa = PBXFileReference; lastKnownFileType = wrapper.xcdatamodel; path = SwiftDemo.xcdatamodel; sourceTree = "<group>"; };
		09DAE39E2A5D055F00B77060 /* Assets.xcassets */ = {isa = PBXFileReference; lastKnownFileType = folder.assetcatalog; path = Assets.xcassets; sourceTree = "<group>"; };
		09DAE3A12A5D055F00B77060 /* Base */ = {isa = PBXFileReference; lastKnownFileType = file.storyboard; name = Base; path = Base.lproj/LaunchScreen.storyboard; sourceTree = "<group>"; };
		09DAE3A32A5D055F00B77060 /* Info.plist */ = {isa = PBXFileReference; lastKnownFileType = text.plist.xml; path = Info.plist; sourceTree = "<group>"; };
		09DAE3A92A5D20F900B77060 /* HomeTableViewController.swift */ = {isa = PBXFileReference; lastKnownFileType = sourcecode.swift; path = HomeTableViewController.swift; sourceTree = "<group>"; };
		09DAE3AB2A5D248900B77060 /* AutoLayoutViewController.swift */ = {isa = PBXFileReference; lastKnownFileType = sourcecode.swift; path = AutoLayoutViewController.swift; sourceTree = "<group>"; };
		09DAE3AC2A5D248900B77060 /* AutoLayoutViewController.xib */ = {isa = PBXFileReference; lastKnownFileType = file.xib; path = AutoLayoutViewController.xib; sourceTree = "<group>"; };
		09E091C32B85D84A001FF11D /* ImageProcessor.swift */ = {isa = PBXFileReference; fileEncoding = 4; lastKnownFileType = sourcecode.swift; name = ImageProcessor.swift; path = ../../../MyCamera/MyCamera/ImageProcessor.swift; sourceTree = "<group>"; };
		09E091C52B85D85A001FF11D /* DeepLabV3.mlmodel */ = {isa = PBXFileReference; lastKnownFileType = file.mlmodel; name = DeepLabV3.mlmodel; path = ../../../MyCamera/MyCamera/DeepLabV3.mlmodel; sourceTree = "<group>"; };
		09E091C72B85D895001FF11D /* ImageProcessorViewController.swift */ = {isa = PBXFileReference; lastKnownFileType = sourcecode.swift; path = ImageProcessorViewController.swift; sourceTree = "<group>"; };
		09E091C82B85D895001FF11D /* ImageProcessorViewController.xib */ = {isa = PBXFileReference; lastKnownFileType = file.xib; path = ImageProcessorViewController.xib; sourceTree = "<group>"; };
		09E091CC2B85D93E001FF11D /* Array+Extensions.swift */ = {isa = PBXFileReference; fileEncoding = 4; lastKnownFileType = sourcecode.swift; path = "Array+Extensions.swift"; sourceTree = "<group>"; };
		09E091CD2B85D93E001FF11D /* Math.swift */ = {isa = PBXFileReference; fileEncoding = 4; lastKnownFileType = sourcecode.swift; path = Math.swift; sourceTree = "<group>"; };
		09E091CE2B85D93E001FF11D /* UIImage+CVPixelBuffer.swift */ = {isa = PBXFileReference; fileEncoding = 4; lastKnownFileType = sourcecode.swift; path = "UIImage+CVPixelBuffer.swift"; sourceTree = "<group>"; };
		09E091CF2B85D93E001FF11D /* Predictions.swift */ = {isa = PBXFileReference; fileEncoding = 4; lastKnownFileType = sourcecode.swift; path = Predictions.swift; sourceTree = "<group>"; };
		09E091D02B85D93E001FF11D /* UIImage+Extensions.swift */ = {isa = PBXFileReference; fileEncoding = 4; lastKnownFileType = sourcecode.swift; path = "UIImage+Extensions.swift"; sourceTree = "<group>"; };
		09E091D12B85D93E001FF11D /* CGImagePropertyOrientation.swift */ = {isa = PBXFileReference; fileEncoding = 4; lastKnownFileType = sourcecode.swift; path = CGImagePropertyOrientation.swift; sourceTree = "<group>"; };
		09E091D22B85D93E001FF11D /* UIImage+RawBytes.swift */ = {isa = PBXFileReference; fileEncoding = 4; lastKnownFileType = sourcecode.swift; path = "UIImage+RawBytes.swift"; sourceTree = "<group>"; };
		09E091D32B85D93E001FF11D /* MLMultiArray+Helpers.swift */ = {isa = PBXFileReference; fileEncoding = 4; lastKnownFileType = sourcecode.swift; path = "MLMultiArray+Helpers.swift"; sourceTree = "<group>"; };
		09E091D42B85D93E001FF11D /* MLModel+Images.swift */ = {isa = PBXFileReference; fileEncoding = 4; lastKnownFileType = sourcecode.swift; path = "MLModel+Images.swift"; sourceTree = "<group>"; };
		09E091D52B85D93E001FF11D /* CoreML+Combine.swift */ = {isa = PBXFileReference; fileEncoding = 4; lastKnownFileType = sourcecode.swift; path = "CoreML+Combine.swift"; sourceTree = "<group>"; };
		09E091D62B85D93E001FF11D /* CVPixelBuffer+Create.swift */ = {isa = PBXFileReference; fileEncoding = 4; lastKnownFileType = sourcecode.swift; path = "CVPixelBuffer+Create.swift"; sourceTree = "<group>"; };
		09E091D72B85D93E001FF11D /* CGImage+CVPixelBuffer.swift */ = {isa = PBXFileReference; fileEncoding = 4; lastKnownFileType = sourcecode.swift; path = "CGImage+CVPixelBuffer.swift"; sourceTree = "<group>"; };
		09E091D82B85D93E001FF11D /* NonMaxSuppression.swift */ = {isa = PBXFileReference; fileEncoding = 4; lastKnownFileType = sourcecode.swift; path = NonMaxSuppression.swift; sourceTree = "<group>"; };
		09E091D92B85D93E001FF11D /* CGImage+RawBytes.swift */ = {isa = PBXFileReference; fileEncoding = 4; lastKnownFileType = sourcecode.swift; path = "CGImage+RawBytes.swift"; sourceTree = "<group>"; };
		09E091DA2B85D93E001FF11D /* MLMultiArray+Image.swift */ = {isa = PBXFileReference; fileEncoding = 4; lastKnownFileType = sourcecode.swift; path = "MLMultiArray+Image.swift"; sourceTree = "<group>"; };
		09E091DB2B85D93E001FF11D /* CVPixelBuffer+Resize.swift */ = {isa = PBXFileReference; fileEncoding = 4; lastKnownFileType = sourcecode.swift; path = "CVPixelBuffer+Resize.swift"; sourceTree = "<group>"; };
		09E091DC2B85D93E001FF11D /* CVPixelBuffer+Rotate.swift */ = {isa = PBXFileReference; fileEncoding = 4; lastKnownFileType = sourcecode.swift; path = "CVPixelBuffer+Rotate.swift"; sourceTree = "<group>"; };
		116B8783A79B503D024E6D6F /* Pods-SwiftDemo.release.xcconfig */ = {isa = PBXFileReference; includeInIndex = 1; lastKnownFileType = text.xcconfig; name = "Pods-SwiftDemo.release.xcconfig"; path = "Target Support Files/Pods-SwiftDemo/Pods-SwiftDemo.release.xcconfig"; sourceTree = "<group>"; };
		728D38DCCCFFDCFA9B396010 /* Pods_SwiftDemo.framework */ = {isa = PBXFileReference; explicitFileType = wrapper.framework; includeInIndex = 0; path = Pods_SwiftDemo.framework; sourceTree = BUILT_PRODUCTS_DIR; };
		F905FCF97CB3066E3B05FB49 /* Pods-SwiftDemo.debug.xcconfig */ = {isa = PBXFileReference; includeInIndex = 1; lastKnownFileType = text.xcconfig; name = "Pods-SwiftDemo.debug.xcconfig"; path = "Target Support Files/Pods-SwiftDemo/Pods-SwiftDemo.debug.xcconfig"; sourceTree = "<group>"; };
/* End PBXFileReference section */

/* Begin PBXFrameworksBuildPhase section */
		09DAE38C2A5D055E00B77060 /* Frameworks */ = {
			isa = PBXFrameworksBuildPhase;
			buildActionMask = 2147483647;
			files = (
				74979223C0CC5BC3B343E517 /* Pods_SwiftDemo.framework in Frameworks */,
			);
			runOnlyForDeploymentPostprocessing = 0;
		};
/* End PBXFrameworksBuildPhase section */

/* Begin PBXGroup section */
		091CE2802B47A60500204E23 /* Tags */ = {
			isa = PBXGroup;
			children = (
				09B20CBE2B4E263900055509 /* TagsView.swift */,
				091CE27B2B47A5ED00204E23 /* TagViewController.swift */,
				091CE27C2B47A5ED00204E23 /* TagViewController.xib */,
			);
			path = Tags;
			sourceTree = "<group>";
		};
		091F5B0C2B32EBF80092FD6E /* Toast */ = {
			isa = PBXGroup;
			children = (
				091F5B0D2B32EBF80092FD6E /* ToastConfiguration.swift */,
				091F5B0E2B32EBF80092FD6E /* ToastDelegate.swift */,
				091F5B0F2B32EBF80092FD6E /* MulticastDelegate.swift */,
				091F5B102B32EBF80092FD6E /* ToastViews */,
				091F5B162B32EBF80092FD6E /* ToastHelper.swift */,
				091F5B172B32EBF80092FD6E /* ToastViewConfiguration.swift */,
				091F5B182B32EBF80092FD6E /* Queue */,
				091F5B1B2B32EBF80092FD6E /* AnimationType.swift */,
				091F5B1C2B32EBF80092FD6E /* Toast.swift */,
				091F5B1D2B32EBF80092FD6E /* Direction.swift */,
			);
			path = Toast;
			sourceTree = SOURCE_ROOT;
		};
		091F5B102B32EBF80092FD6E /* ToastViews */ = {
			isa = PBXGroup;
			children = (
				091F5B112B32EBF80092FD6E /* ToastView.swift */,
				091F5B122B32EBF80092FD6E /* AppleToastView */,
			);
			path = ToastViews;
			sourceTree = "<group>";
		};
		091F5B122B32EBF80092FD6E /* AppleToastView */ = {
			isa = PBXGroup;
			children = (
				091F5B132B32EBF80092FD6E /* AppleToastView.swift */,
				091F5B142B32EBF80092FD6E /* TextAppleToastView.swift */,
				091F5B152B32EBF80092FD6E /* IconAppleToastView.swift */,
			);
			path = AppleToastView;
			sourceTree = "<group>";
		};
		091F5B182B32EBF80092FD6E /* Queue */ = {
			isa = PBXGroup;
			children = (
				091F5B192B32EBF80092FD6E /* ToastQueueDelegate.swift */,
				091F5B1A2B32EBF80092FD6E /* ToastQueue.swift */,
			);
			path = Queue;
			sourceTree = "<group>";
		};
		097841452B8F372400CFEB4F /* ImageCropper */ = {
			isa = PBXGroup;
			children = (
				098CDD6D2B9ED71F0051408B /* ImageCropViewController.swift */,
				098CDD6E2B9ED71F0051408B /* ImageCropViewController.xib */,
				098CDD6A2B9ED6B10051408B /* ImageCropView.swift */,
				098CDD692B9ED6B10051408B /* ImageCropView.xib */,
				097841462B8F372400CFEB4F /* Classes */,
			);
			path = ImageCropper;
			sourceTree = "<group>";
		};
		097841462B8F372400CFEB4F /* Classes */ = {
			isa = PBXGroup;
			children = (
				097841472B8F372400CFEB4F /* ImageCropperConfiguration.swift */,
				097841492B8F372400CFEB4F /* ImageCropperConfigurator.swift */,
				0978414A2B8F372400CFEB4F /* ImageCropperModel.swift */,
				0978414B2B8F372400CFEB4F /* ImageCropperViewController.swift */,
				0978414C2B8F372400CFEB4F /* ImageCropperPresenter.swift */,
				0978414D2B8F372400CFEB4F /* ImageCropper.xib */,
				0978414E2B8F372400CFEB4F /* UIImage+NormalizeOrientation.swift */,
				0978414F2B8F372400CFEB4F /* ImageCropperRouter.swift */,
			);
			path = Classes;
			sourceTree = "<group>";
		};
		09B485AA2A9F1568008E08DD /* ScanAnimation */ = {
			isa = PBXGroup;
			children = (
				09B485AB2A9F15CC008E08DD /* ScanAnimationViewController.swift */,
				09B485AC2A9F15CC008E08DD /* ScanAnimationViewController.xib */,
				09B485AF2A9F1630008E08DD /* FaceScanAnimationView.swift */,
				09B485B12A9F1C24008E08DD /* ScanningLineView.swift */,
			);
			path = ScanAnimation;
			sourceTree = "<group>";
		};
		09D36B992A5D50CF0096C6EC /* AutoLayout */ = {
			isa = PBXGroup;
			children = (
				09DAE3AB2A5D248900B77060 /* AutoLayoutViewController.swift */,
				09DAE3AC2A5D248900B77060 /* AutoLayoutViewController.xib */,
			);
			path = AutoLayout;
			sourceTree = "<group>";
		};
		09D36B9A2A5D50EF0096C6EC /* CollectionView */ = {
			isa = PBXGroup;
			children = (
				09D36B952A5D42CB0096C6EC /* CollectionViewController.swift */,
				09D36B962A5D42CB0096C6EC /* CollectionViewController.xib */,
				09D36B9B2A5D51260096C6EC /* CollectionViewCell.swift */,
				09D36B9C2A5D51260096C6EC /* CollectionViewCell.xib */,
			);
			path = CollectionView;
			sourceTree = "<group>";
		};
		09DAE3862A5D055E00B77060 = {
			isa = PBXGroup;
			children = (
				09DAE3912A5D055E00B77060 /* SwiftDemo */,
				09DAE3902A5D055E00B77060 /* Products */,
				A28F494665A468D648DEC985 /* Pods */,
				43BB109DDC3DA6C848C26E18 /* Frameworks */,
				09D36BA32A5D55B40096C6EC /* SwiftDemo-Bridging-Header.h */,
			);
			sourceTree = "<group>";
		};
		09DAE3902A5D055E00B77060 /* Products */ = {
			isa = PBXGroup;
			children = (
				09DAE38F2A5D055E00B77060 /* SwiftDemo.app */,
			);
			name = Products;
			sourceTree = "<group>";
		};
		09DAE3912A5D055E00B77060 /* SwiftDemo */ = {
			isa = PBXGroup;
			children = (
				09E091C22B85D827001FF11D /* ImageProcessor */,
				091CE2802B47A60500204E23 /* Tags */,
				091F5B0C2B32EBF80092FD6E /* Toast */,
				09B485AA2A9F1568008E08DD /* ScanAnimation */,
				09D36BA12A5D549B0096C6EC /* Tool.swift */,
				097841602B91C26300CFEB4F /* Photo.swift */,
				09D36B9F2A5D54840096C6EC /* HttpRequest.swift */,
				09DAE3922A5D055E00B77060 /* AppDelegate.swift */,
				09DAE3942A5D055E00B77060 /* SceneDelegate.swift */,
				09DAE3982A5D055E00B77060 /* Main.storyboard */,
				09DAE39E2A5D055F00B77060 /* Assets.xcassets */,
				09DAE3A02A5D055F00B77060 /* LaunchScreen.storyboard */,
				09DAE3A32A5D055F00B77060 /* Info.plist */,
				09DAE39B2A5D055E00B77060 /* SwiftDemo.xcdatamodeld */,
				09DAE3A92A5D20F900B77060 /* HomeTableViewController.swift */,
				09D36B992A5D50CF0096C6EC /* AutoLayout */,
				09D36B9A2A5D50EF0096C6EC /* CollectionView */,
			);
			path = SwiftDemo;
			sourceTree = "<group>";
		};
		09E091C22B85D827001FF11D /* ImageProcessor */ = {
			isa = PBXGroup;
			children = (
				097841452B8F372400CFEB4F /* ImageCropper */,
				09E091CB2B85D93E001FF11D /* CoreMLHelpers */,
				09E091C52B85D85A001FF11D /* DeepLabV3.mlmodel */,
				09E091C32B85D84A001FF11D /* ImageProcessor.swift */,
				09E091C72B85D895001FF11D /* ImageProcessorViewController.swift */,
				09E091C82B85D895001FF11D /* ImageProcessorViewController.xib */,
				09D3DCE12B88887D0076DBAB /* ColorSelector.swift */,
				097841372B8DD0EA00CFEB4F /* ColorButton.swift */,
			);
			path = ImageProcessor;
			sourceTree = "<group>";
		};
		09E091CB2B85D93E001FF11D /* CoreMLHelpers */ = {
			isa = PBXGroup;
			children = (
				09E091CC2B85D93E001FF11D /* Array+Extensions.swift */,
				09E091CD2B85D93E001FF11D /* Math.swift */,
				09E091CE2B85D93E001FF11D /* UIImage+CVPixelBuffer.swift */,
				09E091CF2B85D93E001FF11D /* Predictions.swift */,
				09E091D02B85D93E001FF11D /* UIImage+Extensions.swift */,
				09E091D12B85D93E001FF11D /* CGImagePropertyOrientation.swift */,
				09E091D22B85D93E001FF11D /* UIImage+RawBytes.swift */,
				09E091D32B85D93E001FF11D /* MLMultiArray+Helpers.swift */,
				09E091D42B85D93E001FF11D /* MLModel+Images.swift */,
				09E091D52B85D93E001FF11D /* CoreML+Combine.swift */,
				09E091D62B85D93E001FF11D /* CVPixelBuffer+Create.swift */,
				09E091D72B85D93E001FF11D /* CGImage+CVPixelBuffer.swift */,
				09E091D82B85D93E001FF11D /* NonMaxSuppression.swift */,
				09E091D92B85D93E001FF11D /* CGImage+RawBytes.swift */,
				09E091DA2B85D93E001FF11D /* MLMultiArray+Image.swift */,
				09E091DB2B85D93E001FF11D /* CVPixelBuffer+Resize.swift */,
				09E091DC2B85D93E001FF11D /* CVPixelBuffer+Rotate.swift */,
			);
			name = CoreMLHelpers;
			path = ../../../MyCamera/MyCamera/CoreMLHelpers;
			sourceTree = "<group>";
		};
		43BB109DDC3DA6C848C26E18 /* Frameworks */ = {
			isa = PBXGroup;
			children = (
				728D38DCCCFFDCFA9B396010 /* Pods_SwiftDemo.framework */,
			);
			name = Frameworks;
			sourceTree = "<group>";
		};
		A28F494665A468D648DEC985 /* Pods */ = {
			isa = PBXGroup;
			children = (
				F905FCF97CB3066E3B05FB49 /* Pods-SwiftDemo.debug.xcconfig */,
				116B8783A79B503D024E6D6F /* Pods-SwiftDemo.release.xcconfig */,
			);
			path = Pods;
			sourceTree = "<group>";
		};
/* End PBXGroup section */

/* Begin PBXNativeTarget section */
		09DAE38E2A5D055E00B77060 /* SwiftDemo */ = {
			isa = PBXNativeTarget;
			buildConfigurationList = 09DAE3A62A5D055F00B77060 /* Build configuration list for PBXNativeTarget "SwiftDemo" */;
			buildPhases = (
				CEF7FB1493C90880CA7BD088 /* [CP] Check Pods Manifest.lock */,
				09DAE38B2A5D055E00B77060 /* Sources */,
				09DAE38C2A5D055E00B77060 /* Frameworks */,
				09DAE38D2A5D055E00B77060 /* Resources */,
				C1F68418D9C4E3F2F6A666F9 /* [CP] Embed Pods Frameworks */,
			);
			buildRules = (
			);
			dependencies = (
			);
			name = SwiftDemo;
			productName = SwiftDemo;
			productReference = 09DAE38F2A5D055E00B77060 /* SwiftDemo.app */;
			productType = "com.apple.product-type.application";
		};
/* End PBXNativeTarget section */

/* Begin PBXProject section */
		09DAE3872A5D055E00B77060 /* Project object */ = {
			isa = PBXProject;
			attributes = {
				BuildIndependentTargetsInParallel = 1;
				LastSwiftUpdateCheck = 1430;
				LastUpgradeCheck = 1430;
				TargetAttributes = {
					09DAE38E2A5D055E00B77060 = {
						CreatedOnToolsVersion = 14.3;
						LastSwiftMigration = 1430;
					};
				};
			};
			buildConfigurationList = 09DAE38A2A5D055E00B77060 /* Build configuration list for PBXProject "SwiftDemo" */;
			compatibilityVersion = "Xcode 14.0";
			developmentRegion = en;
			hasScannedForEncodings = 0;
			knownRegions = (
				en,
				Base,
			);
			mainGroup = 09DAE3862A5D055E00B77060;
			productRefGroup = 09DAE3902A5D055E00B77060 /* Products */;
			projectDirPath = "";
			projectRoot = "";
			targets = (
				09DAE38E2A5D055E00B77060 /* SwiftDemo */,
			);
		};
/* End PBXProject section */

/* Begin PBXResourcesBuildPhase section */
		09DAE38D2A5D055E00B77060 /* Resources */ = {
			isa = PBXResourcesBuildPhase;
			buildActionMask = 2147483647;
			files = (
				09B485AE2A9F15CC008E08DD /* ScanAnimationViewController.xib in Resources */,
				091CE27E2B47A5ED00204E23 /* TagViewController.xib in Resources */,
				098CDD702B9ED71F0051408B /* ImageCropViewController.xib in Resources */,
				09E091CA2B85D895001FF11D /* ImageProcessorViewController.xib in Resources */,
				098CDD6B2B9ED6B10051408B /* ImageCropView.xib in Resources */,
				09DAE3A22A5D055F00B77060 /* LaunchScreen.storyboard in Resources */,
				09D36B982A5D42CB0096C6EC /* CollectionViewController.xib in Resources */,
				09D36B9E2A5D51260096C6EC /* CollectionViewCell.xib in Resources */,
				09DAE39F2A5D055F00B77060 /* Assets.xcassets in Resources */,
				09DAE39A2A5D055E00B77060 /* Main.storyboard in Resources */,
				09DAE3AE2A5D248900B77060 /* AutoLayoutViewController.xib in Resources */,
				097841582B8F372400CFEB4F /* ImageCropper.xib in Resources */,
			);
			runOnlyForDeploymentPostprocessing = 0;
		};
/* End PBXResourcesBuildPhase section */

/* Begin PBXShellScriptBuildPhase section */
		C1F68418D9C4E3F2F6A666F9 /* [CP] Embed Pods Frameworks */ = {
			isa = PBXShellScriptBuildPhase;
			buildActionMask = 2147483647;
			files = (
			);
			inputFileListPaths = (
				"${PODS_ROOT}/Target Support Files/Pods-SwiftDemo/Pods-SwiftDemo-frameworks-${CONFIGURATION}-input-files.xcfilelist",
			);
			name = "[CP] Embed Pods Frameworks";
			outputFileListPaths = (
				"${PODS_ROOT}/Target Support Files/Pods-SwiftDemo/Pods-SwiftDemo-frameworks-${CONFIGURATION}-output-files.xcfilelist",
			);
			runOnlyForDeploymentPostprocessing = 0;
			shellPath = /bin/sh;
			shellScript = "\"${PODS_ROOT}/Target Support Files/Pods-SwiftDemo/Pods-SwiftDemo-frameworks.sh\"\n";
			showEnvVarsInLog = 0;
		};
		CEF7FB1493C90880CA7BD088 /* [CP] Check Pods Manifest.lock */ = {
			isa = PBXShellScriptBuildPhase;
			buildActionMask = 2147483647;
			files = (
			);
			inputFileListPaths = (
			);
			inputPaths = (
				"${PODS_PODFILE_DIR_PATH}/Podfile.lock",
				"${PODS_ROOT}/Manifest.lock",
			);
			name = "[CP] Check Pods Manifest.lock";
			outputFileListPaths = (
			);
			outputPaths = (
				"$(DERIVED_FILE_DIR)/Pods-SwiftDemo-checkManifestLockResult.txt",
			);
			runOnlyForDeploymentPostprocessing = 0;
			shellPath = /bin/sh;
			shellScript = "diff \"${PODS_PODFILE_DIR_PATH}/Podfile.lock\" \"${PODS_ROOT}/Manifest.lock\" > /dev/null\nif [ $? != 0 ] ; then\n    # print error to STDERR\n    echo \"error: The sandbox is not in sync with the Podfile.lock. Run 'pod install' or update your CocoaPods installation.\" >&2\n    exit 1\nfi\n# This output is used by Xcode 'outputs' to avoid re-running this script phase.\necho \"SUCCESS\" > \"${SCRIPT_OUTPUT_FILE_0}\"\n";
			showEnvVarsInLog = 0;
		};
/* End PBXShellScriptBuildPhase section */

/* Begin PBXSourcesBuildPhase section */
		09DAE38B2A5D055E00B77060 /* Sources */ = {
			isa = PBXSourcesBuildPhase;
			buildActionMask = 2147483647;
			files = (
				09E091E22B85D93E001FF11D /* CGImagePropertyOrientation.swift in Sources */,
				091F5B262B32EBF80092FD6E /* ToastViewConfiguration.swift in Sources */,
				091F5B232B32EBF80092FD6E /* TextAppleToastView.swift in Sources */,
				09E091DE2B85D93E001FF11D /* Math.swift in Sources */,
				091F5B212B32EBF80092FD6E /* ToastView.swift in Sources */,
				09E091EA2B85D93E001FF11D /* CGImage+RawBytes.swift in Sources */,
				097841592B8F372400CFEB4F /* UIImage+NormalizeOrientation.swift in Sources */,
				09E091C92B85D895001FF11D /* ImageProcessorViewController.swift in Sources */,
				09E091C62B85D85A001FF11D /* DeepLabV3.mlmodel in Sources */,
				091F5B1F2B32EBF80092FD6E /* ToastDelegate.swift in Sources */,
				09B485AD2A9F15CC008E08DD /* ScanAnimationViewController.swift in Sources */,
				091F5B202B32EBF80092FD6E /* MulticastDelegate.swift in Sources */,
				09E091E52B85D93E001FF11D /* MLModel+Images.swift in Sources */,
				09D36B972A5D42CB0096C6EC /* CollectionViewController.swift in Sources */,
				09DAE3AA2A5D20F900B77060 /* HomeTableViewController.swift in Sources */,
				09E091EC2B85D93E001FF11D /* CVPixelBuffer+Resize.swift in Sources */,
				09D3DCE22B88887D0076DBAB /* ColorSelector.swift in Sources */,
				09E091EB2B85D93E001FF11D /* MLMultiArray+Image.swift in Sources */,
				097841382B8DD0EA00CFEB4F /* ColorButton.swift in Sources */,
				097841542B8F372400CFEB4F /* ImageCropperConfigurator.swift in Sources */,
				091F5B292B32EBF80092FD6E /* AnimationType.swift in Sources */,
				09E091DD2B85D93E001FF11D /* Array+Extensions.swift in Sources */,
				091F5B272B32EBF80092FD6E /* ToastQueueDelegate.swift in Sources */,
				091F5B252B32EBF80092FD6E /* ToastHelper.swift in Sources */,
				097841552B8F372400CFEB4F /* ImageCropperModel.swift in Sources */,
				0978415A2B8F372400CFEB4F /* ImageCropperRouter.swift in Sources */,
				09E091ED2B85D93E001FF11D /* CVPixelBuffer+Rotate.swift in Sources */,
				09E091E42B85D93E001FF11D /* MLMultiArray+Helpers.swift in Sources */,
				097841612B91C26300CFEB4F /* Photo.swift in Sources */,
				09E091E12B85D93E001FF11D /* UIImage+Extensions.swift in Sources */,
				097841572B8F372400CFEB4F /* ImageCropperPresenter.swift in Sources */,
				09DAE39D2A5D055E00B77060 /* SwiftDemo.xcdatamodeld in Sources */,
				09B485B02A9F1630008E08DD /* FaceScanAnimationView.swift in Sources */,
				091F5B242B32EBF80092FD6E /* IconAppleToastView.swift in Sources */,
				09D36B9D2A5D51260096C6EC /* CollectionViewCell.swift in Sources */,
				097841522B8F372400CFEB4F /* ImageCropperConfiguration.swift in Sources */,
				091CE27D2B47A5ED00204E23 /* TagViewController.swift in Sources */,
				098CDD6C2B9ED6B10051408B /* ImageCropView.swift in Sources */,
				091F5B222B32EBF80092FD6E /* AppleToastView.swift in Sources */,
				091F5B1E2B32EBF80092FD6E /* ToastConfiguration.swift in Sources */,
				09E091E92B85D93E001FF11D /* NonMaxSuppression.swift in Sources */,
				09E091E82B85D93E001FF11D /* CGImage+CVPixelBuffer.swift in Sources */,
				09DAE3932A5D055E00B77060 /* AppDelegate.swift in Sources */,
				09E091E72B85D93E001FF11D /* CVPixelBuffer+Create.swift in Sources */,
				09E091C42B85D84A001FF11D /* ImageProcessor.swift in Sources */,
				09D36BA02A5D54840096C6EC /* HttpRequest.swift in Sources */,
				09E091DF2B85D93E001FF11D /* UIImage+CVPixelBuffer.swift in Sources */,
				091F5B282B32EBF80092FD6E /* ToastQueue.swift in Sources */,
				09D36BA22A5D549B0096C6EC /* Tool.swift in Sources */,
				097841562B8F372400CFEB4F /* ImageCropperViewController.swift in Sources */,
				09B485B22A9F1C24008E08DD /* ScanningLineView.swift in Sources */,
				09B20CBF2B4E263900055509 /* TagsView.swift in Sources */,
				09E091E32B85D93E001FF11D /* UIImage+RawBytes.swift in Sources */,
				09E091E02B85D93E001FF11D /* Predictions.swift in Sources */,
				098CDD6F2B9ED71F0051408B /* ImageCropViewController.swift in Sources */,
				09E091E62B85D93E001FF11D /* CoreML+Combine.swift in Sources */,
				091F5B2A2B32EBF80092FD6E /* Toast.swift in Sources */,
				09DAE3952A5D055E00B77060 /* SceneDelegate.swift in Sources */,
				09DAE3AD2A5D248900B77060 /* AutoLayoutViewController.swift in Sources */,
				091F5B2B2B32EBF80092FD6E /* Direction.swift in Sources */,
			);
			runOnlyForDeploymentPostprocessing = 0;
		};
/* End PBXSourcesBuildPhase section */

/* Begin PBXVariantGroup section */
		09DAE3982A5D055E00B77060 /* Main.storyboard */ = {
			isa = PBXVariantGroup;
			children = (
				09DAE3992A5D055E00B77060 /* Base */,
			);
			name = Main.storyboard;
			sourceTree = "<group>";
		};
		09DAE3A02A5D055F00B77060 /* LaunchScreen.storyboard */ = {
			isa = PBXVariantGroup;
			children = (
				09DAE3A12A5D055F00B77060 /* Base */,
			);
			name = LaunchScreen.storyboard;
			sourceTree = "<group>";
		};
/* End PBXVariantGroup section */

/* Begin XCBuildConfiguration section */
		09DAE3A42A5D055F00B77060 /* Debug */ = {
			isa = XCBuildConfiguration;
			buildSettings = {
				ALWAYS_SEARCH_USER_PATHS = NO;
				CLANG_ANALYZER_NONNULL = YES;
				CLANG_ANALYZER_NUMBER_OBJECT_CONVERSION = YES_AGGRESSIVE;
				CLANG_CXX_LANGUAGE_STANDARD = "gnu++20";
				CLANG_ENABLE_MODULES = YES;
				CLANG_ENABLE_OBJC_ARC = YES;
				CLANG_ENABLE_OBJC_WEAK = YES;
				CLANG_WARN_BLOCK_CAPTURE_AUTORELEASING = YES;
				CLANG_WARN_BOOL_CONVERSION = YES;
				CLANG_WARN_COMMA = YES;
				CLANG_WARN_CONSTANT_CONVERSION = YES;
				CLANG_WARN_DEPRECATED_OBJC_IMPLEMENTATIONS = YES;
				CLANG_WARN_DIRECT_OBJC_ISA_USAGE = YES_ERROR;
				CLANG_WARN_DOCUMENTATION_COMMENTS = YES;
				CLANG_WARN_EMPTY_BODY = YES;
				CLANG_WARN_ENUM_CONVERSION = YES;
				CLANG_WARN_INFINITE_RECURSION = YES;
				CLANG_WARN_INT_CONVERSION = YES;
				CLANG_WARN_NON_LITERAL_NULL_CONVERSION = YES;
				CLANG_WARN_OBJC_IMPLICIT_RETAIN_SELF = YES;
				CLANG_WARN_OBJC_LITERAL_CONVERSION = YES;
				CLANG_WARN_OBJC_ROOT_CLASS = YES_ERROR;
				CLANG_WARN_QUOTED_INCLUDE_IN_FRAMEWORK_HEADER = YES;
				CLANG_WARN_RANGE_LOOP_ANALYSIS = YES;
				CLANG_WARN_STRICT_PROTOTYPES = YES;
				CLANG_WARN_SUSPICIOUS_MOVE = YES;
				CLANG_WARN_UNGUARDED_AVAILABILITY = YES_AGGRESSIVE;
				CLANG_WARN_UNREACHABLE_CODE = YES;
				CLANG_WARN__DUPLICATE_METHOD_MATCH = YES;
				COPY_PHASE_STRIP = NO;
				DEBUG_INFORMATION_FORMAT = dwarf;
				ENABLE_STRICT_OBJC_MSGSEND = YES;
				ENABLE_TESTABILITY = YES;
				GCC_C_LANGUAGE_STANDARD = gnu11;
				GCC_DYNAMIC_NO_PIC = NO;
				GCC_NO_COMMON_BLOCKS = YES;
				GCC_OPTIMIZATION_LEVEL = 0;
				GCC_PREPROCESSOR_DEFINITIONS = (
					"DEBUG=1",
					"$(inherited)",
				);
				GCC_WARN_64_TO_32_BIT_CONVERSION = YES;
				GCC_WARN_ABOUT_RETURN_TYPE = YES_ERROR;
				GCC_WARN_UNDECLARED_SELECTOR = YES;
				GCC_WARN_UNINITIALIZED_AUTOS = YES_AGGRESSIVE;
				GCC_WARN_UNUSED_FUNCTION = YES;
				GCC_WARN_UNUSED_VARIABLE = YES;
				IPHONEOS_DEPLOYMENT_TARGET = 16.4;
				MTL_ENABLE_DEBUG_INFO = INCLUDE_SOURCE;
				MTL_FAST_MATH = YES;
				ONLY_ACTIVE_ARCH = YES;
				SDKROOT = iphoneos;
				SWIFT_ACTIVE_COMPILATION_CONDITIONS = DEBUG;
				SWIFT_OPTIMIZATION_LEVEL = "-Onone";
			};
			name = Debug;
		};
		09DAE3A52A5D055F00B77060 /* Release */ = {
			isa = XCBuildConfiguration;
			buildSettings = {
				ALWAYS_SEARCH_USER_PATHS = NO;
				CLANG_ANALYZER_NONNULL = YES;
				CLANG_ANALYZER_NUMBER_OBJECT_CONVERSION = YES_AGGRESSIVE;
				CLANG_CXX_LANGUAGE_STANDARD = "gnu++20";
				CLANG_ENABLE_MODULES = YES;
				CLANG_ENABLE_OBJC_ARC = YES;
				CLANG_ENABLE_OBJC_WEAK = YES;
				CLANG_WARN_BLOCK_CAPTURE_AUTORELEASING = YES;
				CLANG_WARN_BOOL_CONVERSION = YES;
				CLANG_WARN_COMMA = YES;
				CLANG_WARN_CONSTANT_CONVERSION = YES;
				CLANG_WARN_DEPRECATED_OBJC_IMPLEMENTATIONS = YES;
				CLANG_WARN_DIRECT_OBJC_ISA_USAGE = YES_ERROR;
				CLANG_WARN_DOCUMENTATION_COMMENTS = YES;
				CLANG_WARN_EMPTY_BODY = YES;
				CLANG_WARN_ENUM_CONVERSION = YES;
				CLANG_WARN_INFINITE_RECURSION = YES;
				CLANG_WARN_INT_CONVERSION = YES;
				CLANG_WARN_NON_LITERAL_NULL_CONVERSION = YES;
				CLANG_WARN_OBJC_IMPLICIT_RETAIN_SELF = YES;
				CLANG_WARN_OBJC_LITERAL_CONVERSION = YES;
				CLANG_WARN_OBJC_ROOT_CLASS = YES_ERROR;
				CLANG_WARN_QUOTED_INCLUDE_IN_FRAMEWORK_HEADER = YES;
				CLANG_WARN_RANGE_LOOP_ANALYSIS = YES;
				CLANG_WARN_STRICT_PROTOTYPES = YES;
				CLANG_WARN_SUSPICIOUS_MOVE = YES;
				CLANG_WARN_UNGUARDED_AVAILABILITY = YES_AGGRESSIVE;
				CLANG_WARN_UNREACHABLE_CODE = YES;
				CLANG_WARN__DUPLICATE_METHOD_MATCH = YES;
				COPY_PHASE_STRIP = NO;
				DEBUG_INFORMATION_FORMAT = "dwarf-with-dsym";
				ENABLE_NS_ASSERTIONS = NO;
				ENABLE_STRICT_OBJC_MSGSEND = YES;
				GCC_C_LANGUAGE_STANDARD = gnu11;
				GCC_NO_COMMON_BLOCKS = YES;
				GCC_WARN_64_TO_32_BIT_CONVERSION = YES;
				GCC_WARN_ABOUT_RETURN_TYPE = YES_ERROR;
				GCC_WARN_UNDECLARED_SELECTOR = YES;
				GCC_WARN_UNINITIALIZED_AUTOS = YES_AGGRESSIVE;
				GCC_WARN_UNUSED_FUNCTION = YES;
				GCC_WARN_UNUSED_VARIABLE = YES;
				IPHONEOS_DEPLOYMENT_TARGET = 16.4;
				MTL_ENABLE_DEBUG_INFO = NO;
				MTL_FAST_MATH = YES;
				SDKROOT = iphoneos;
				SWIFT_COMPILATION_MODE = wholemodule;
				SWIFT_OPTIMIZATION_LEVEL = "-O";
				VALIDATE_PRODUCT = YES;
			};
			name = Release;
		};
		09DAE3A72A5D055F00B77060 /* Debug */ = {
			isa = XCBuildConfiguration;
			baseConfigurationReference = F905FCF97CB3066E3B05FB49 /* Pods-SwiftDemo.debug.xcconfig */;
			buildSettings = {
				ASSETCATALOG_COMPILER_APPICON_NAME = AppIcon;
				ASSETCATALOG_COMPILER_GLOBAL_ACCENT_COLOR_NAME = AccentColor;
				CLANG_ENABLE_MODULES = YES;
				CODE_SIGN_STYLE = Automatic;
				CURRENT_PROJECT_VERSION = 1;
				DEVELOPMENT_TEAM = 7S69FZM933;
				GENERATE_INFOPLIST_FILE = YES;
				INFOPLIST_FILE = SwiftDemo/Info.plist;
				INFOPLIST_KEY_UIApplicationSupportsIndirectInputEvents = YES;
				INFOPLIST_KEY_UILaunchStoryboardName = LaunchScreen;
				INFOPLIST_KEY_UIMainStoryboardFile = Main;
				INFOPLIST_KEY_UISupportedInterfaceOrientations_iPad = "UIInterfaceOrientationPortrait UIInterfaceOrientationPortraitUpsideDown UIInterfaceOrientationLandscapeLeft UIInterfaceOrientationLandscapeRight";
				INFOPLIST_KEY_UISupportedInterfaceOrientations_iPhone = "UIInterfaceOrientationPortrait UIInterfaceOrientationLandscapeLeft UIInterfaceOrientationLandscapeRight";
				IPHONEOS_DEPLOYMENT_TARGET = 15.0;
				LD_RUNPATH_SEARCH_PATHS = (
					"$(inherited)",
					"@executable_path/Frameworks",
				);
				MARKETING_VERSION = 1.0;
				PRODUCT_BUNDLE_IDENTIFIER = com.app.SwiftDemo;
				PRODUCT_NAME = "$(TARGET_NAME)";
				SWIFT_EMIT_LOC_STRINGS = YES;
				SWIFT_OBJC_BRIDGING_HEADER = "SwiftDemo-Bridging-Header.h";
				SWIFT_OPTIMIZATION_LEVEL = "-Onone";
				SWIFT_VERSION = 5.0;
				TARGETED_DEVICE_FAMILY = "1,2";
			};
			name = Debug;
		};
		09DAE3A82A5D055F00B77060 /* Release */ = {
			isa = XCBuildConfiguration;
			baseConfigurationReference = 116B8783A79B503D024E6D6F /* Pods-SwiftDemo.release.xcconfig */;
			buildSettings = {
				ASSETCATALOG_COMPILER_APPICON_NAME = AppIcon;
				ASSETCATALOG_COMPILER_GLOBAL_ACCENT_COLOR_NAME = AccentColor;
				CLANG_ENABLE_MODULES = YES;
				CODE_SIGN_STYLE = Automatic;
				CURRENT_PROJECT_VERSION = 1;
				DEVELOPMENT_TEAM = 7S69FZM933;
				GENERATE_INFOPLIST_FILE = YES;
				INFOPLIST_FILE = SwiftDemo/Info.plist;
				INFOPLIST_KEY_UIApplicationSupportsIndirectInputEvents = YES;
				INFOPLIST_KEY_UILaunchStoryboardName = LaunchScreen;
				INFOPLIST_KEY_UIMainStoryboardFile = Main;
				INFOPLIST_KEY_UISupportedInterfaceOrientations_iPad = "UIInterfaceOrientationPortrait UIInterfaceOrientationPortraitUpsideDown UIInterfaceOrientationLandscapeLeft UIInterfaceOrientationLandscapeRight";
				INFOPLIST_KEY_UISupportedInterfaceOrientations_iPhone = "UIInterfaceOrientationPortrait UIInterfaceOrientationLandscapeLeft UIInterfaceOrientationLandscapeRight";
				IPHONEOS_DEPLOYMENT_TARGET = 15.0;
				LD_RUNPATH_SEARCH_PATHS = (
					"$(inherited)",
					"@executable_path/Frameworks",
				);
				MARKETING_VERSION = 1.0;
				PRODUCT_BUNDLE_IDENTIFIER = com.app.SwiftDemo;
				PRODUCT_NAME = "$(TARGET_NAME)";
				SWIFT_EMIT_LOC_STRINGS = YES;
				SWIFT_OBJC_BRIDGING_HEADER = "SwiftDemo-Bridging-Header.h";
				SWIFT_VERSION = 5.0;
				TARGETED_DEVICE_FAMILY = "1,2";
			};
			name = Release;
		};
/* End XCBuildConfiguration section */

/* Begin XCConfigurationList section */
		09DAE38A2A5D055E00B77060 /* Build configuration list for PBXProject "SwiftDemo" */ = {
			isa = XCConfigurationList;
			buildConfigurations = (
				09DAE3A42A5D055F00B77060 /* Debug */,
				09DAE3A52A5D055F00B77060 /* Release */,
			);
			defaultConfigurationIsVisible = 0;
			defaultConfigurationName = Release;
		};
		09DAE3A62A5D055F00B77060 /* Build configuration list for PBXNativeTarget "SwiftDemo" */ = {
			isa = XCConfigurationList;
			buildConfigurations = (
				09DAE3A72A5D055F00B77060 /* Debug */,
				09DAE3A82A5D055F00B77060 /* Release */,
			);
			defaultConfigurationIsVisible = 0;
			defaultConfigurationName = Release;
		};
/* End XCConfigurationList section */

/* Begin XCVersionGroup section */
		09DAE39B2A5D055E00B77060 /* SwiftDemo.xcdatamodeld */ = {
			isa = XCVersionGroup;
			children = (
				09DAE39C2A5D055E00B77060 /* SwiftDemo.xcdatamodel */,
			);
			currentVersion = 09DAE39C2A5D055E00B77060 /* SwiftDemo.xcdatamodel */;
			path = SwiftDemo.xcdatamodeld;
			sourceTree = "<group>";
			versionGroupType = wrapper.xcdatamodel;
		};
/* End XCVersionGroup section */
	};
	rootObject = 09DAE3872A5D055E00B77060 /* Project object */;
}
