
Microsoft Visual Studio Solution File, Format Version 12.00
# Visual Studio Version 16
VisualStudioVersion = 25.0.1706.6
MinimumVisualStudioVersion = 10.0.40219.1
Project("{FAE04EC0-301F-11D3-BF4B-00C04F79EFBC}") = "PushApp", "PushApp.csproj", "{A0E49E6C-1474-46BF-8371-DA78CF212CAD}"
EndProject
Project("{2150E333-8FDC-42A3-9474-1A3956D46DE8}") = "Solution Items", "Solution Items", "{6659934E-18E1-47C4-9869-571E61CD8E63}"
	ProjectSection(SolutionItems) = preProject
		PandaUnion_Push_DEV.p12 = PandaUnion_Push_DEV.p12
		PandaUnion_Push_DIS.p12 = PandaUnion_Push_DIS.p12
	EndProjectSection
EndProject
Global
	GlobalSection(SolutionConfigurationPlatforms) = preSolution
		Debug|Any CPU = Debug|Any CPU
		Release|Any CPU = Release|Any CPU
		DIS|Any CPU = DIS|Any CPU
	EndGlobalSection
	GlobalSection(ProjectConfigurationPlatforms) = postSolution
		{A0E49E6C-1474-46BF-8371-DA78CF212CAD}.Debug|Any CPU.ActiveCfg = Debug|Any CPU
		{A0E49E6C-1474-46BF-8371-DA78CF212CAD}.Debug|Any CPU.Build.0 = Debug|Any CPU
		{A0E49E6C-1474-46BF-8371-DA78CF212CAD}.Release|Any CPU.ActiveCfg = Release|Any CPU
		{A0E49E6C-1474-46BF-8371-DA78CF212CAD}.Release|Any CPU.Build.0 = Release|Any CPU
		{A0E49E6C-1474-46BF-8371-DA78CF212CAD}.DIS|Any CPU.ActiveCfg = Debug|Any CPU
		{A0E49E6C-1474-46BF-8371-DA78CF212CAD}.DIS|Any CPU.Build.0 = Debug|Any CPU
	EndGlobalSection
	GlobalSection(SolutionProperties) = preSolution
		HideSolutionNode = FALSE
	EndGlobalSection
	GlobalSection(ExtensibilityGlobals) = postSolution
		SolutionGuid = {AD98E985-B2B7-4E1A-931D-952C8C14AEA3}
	EndGlobalSection
EndGlobal
